// !$*UTF8*$!
{
	archiveVersion = 1;
	classes = {
	};
	objectVersion = 46;
	objects = {

/* Begin PBXBuildFile section */
		3E11883D194AE2FF00D562A1 /* PSProfileViewController.m in Sources */ = {isa = PBXBuildFile; fileRef = 3E11883C194AE2FF00D562A1 /* PSProfileViewController.m */; };
		3E118841194AE9B300D562A1 /* PSSettingsViewController.m in Sources */ = {isa = PBXBuildFile; fileRef = 3E118840194AE9B300D562A1 /* PSSettingsViewController.m */; };
		3E118844194AFF2D00D562A1 /* CustomUnwindSegue.m in Sources */ = {isa = PBXBuildFile; fileRef = 3E118843194AFF2D00D562A1 /* CustomUnwindSegue.m */; };
		3E118850194B2E9D00D562A1 /* UserDataModel.xcdatamodeld in Sources */ = {isa = PBXBuildFile; fileRef = 3E11884E194B2E9D00D562A1 /* UserDataModel.xcdatamodeld */; };
		3E16A52E194EFA9A006E8B88 /* PSPhotoFromStreamTableViewCell.m in Sources */ = {isa = PBXBuildFile; fileRef = 3E16A52D194EFA9A006E8B88 /* PSPhotoFromStreamTableViewCell.m */; };
		3E16A531194F385C006E8B88 /* PSCollectionCellForPhoto.m in Sources */ = {isa = PBXBuildFile; fileRef = 3E16A530194F385C006E8B88 /* PSCollectionCellForPhoto.m */; };
		3E1CC6441951B62F00032216 /* PSMKAnnotationView.m in Sources */ = {isa = PBXBuildFile; fileRef = 3E1CC6431951B62F00032216 /* PSMKAnnotationView.m */; };
		3E2EA762195AB1E4008AC688 /* libBlocksKit.a in Frameworks */ = {isa = PBXBuildFile; fileRef = 3E2EA75F195AB1E4008AC688 /* libBlocksKit.a */; };
		3E2EA763195AB1E4008AC688 /* UIControl+BlocksKit.m in Sources */ = {isa = PBXBuildFile; fileRef = 3E2EA761195AB1E4008AC688 /* UIControl+BlocksKit.m */; };
		3E2EA766195AB74F008AC688 /* PSCustomSegueLayerControllers.m in Sources */ = {isa = PBXBuildFile; fileRef = 3E2EA765195AB74F008AC688 /* PSCustomSegueLayerControllers.m */; };
		3E2EA768195AD745008AC688 /* Iphone.storyboard in Resources */ = {isa = PBXBuildFile; fileRef = 3E2EA76A195AD745008AC688 /* Iphone.storyboard */; };
		3E2EA772195AE037008AC688 /* AutoLocalize.m in Sources */ = {isa = PBXBuildFile; fileRef = 3E2EA771195AE037008AC688 /* AutoLocalize.m */; };
		3E2EA7C6195AF16F008AC688 /* Localizable.strings in Resources */ = {isa = PBXBuildFile; fileRef = 3E2EA7C8195AF16F008AC688 /* Localizable.strings */; };
		3E328887194986BB00B0DD90 /* MBProgressHUD.m in Sources */ = {isa = PBXBuildFile; fileRef = 3E328886194986BB00B0DD90 /* MBProgressHUD.m */; };
		3E35130919541B3200433F26 /* AssetsLibrary.framework in Frameworks */ = {isa = PBXBuildFile; fileRef = 3E35130819541B3200433F26 /* AssetsLibrary.framework */; };
		3E35130D19542B6F00433F26 /* PSDetailedPhotoContollerViewController.m in Sources */ = {isa = PBXBuildFile; fileRef = 3E35130C19542B6F00433F26 /* PSDetailedPhotoContollerViewController.m */; };
		3E35130F1954413C00433F26 /* comment.png in Resources */ = {isa = PBXBuildFile; fileRef = 3E35130E1954413C00433F26 /* comment.png */; };
		3E3513111954713C00433F26 /* MessageUI.framework in Frameworks */ = {isa = PBXBuildFile; fileRef = 3E3513101954713C00433F26 /* MessageUI.framework */; };
		3E3513141954908D00433F26 /* ALAssetsLibrary+CustomPhotoAlbum.m in Sources */ = {isa = PBXBuildFile; fileRef = 3E3513131954908D00433F26 /* ALAssetsLibrary+CustomPhotoAlbum.m */; };
		3E375F04195336B200FFDC87 /* PSCollectionHeaderView.m in Sources */ = {isa = PBXBuildFile; fileRef = 3E375F03195336B200FFDC87 /* PSCollectionHeaderView.m */; };
		3E3F8C121949A1F5009916BD /* PSStreamViewController.m in Sources */ = {isa = PBXBuildFile; fileRef = 3E3F8C111949A1F5009916BD /* PSStreamViewController.m */; };
		3E3F8C161949A57C009916BD /* PSPhotoController.m in Sources */ = {isa = PBXBuildFile; fileRef = 3E3F8C151949A57C009916BD /* PSPhotoController.m */; };
		3E3F8C1D1949C4F1009916BD /* NSString+PSValidation.m in Sources */ = {isa = PBXBuildFile; fileRef = 3E3F8C1C1949C4F1009916BD /* NSString+PSValidation.m */; };
		3E3F8C211949CCE3009916BD /* User.m in Sources */ = {isa = PBXBuildFile; fileRef = 3E3F8C201949CCE3009916BD /* User.m */; };
		3E3F8C341949E136009916BD /* AFNetworkActivityIndicatorManager.m in Sources */ = {isa = PBXBuildFile; fileRef = 3E3F8C241949E136009916BD /* AFNetworkActivityIndicatorManager.m */; };
		3E3F8C351949E136009916BD /* UIActivityIndicatorView+AFNetworking.m in Sources */ = {isa = PBXBuildFile; fileRef = 3E3F8C261949E136009916BD /* UIActivityIndicatorView+AFNetworking.m */; };
		3E3F8C361949E136009916BD /* UIAlertView+AFNetworking.m in Sources */ = {isa = PBXBuildFile; fileRef = 3E3F8C281949E136009916BD /* UIAlertView+AFNetworking.m */; };
		3E3F8C371949E136009916BD /* UIButton+AFNetworking.m in Sources */ = {isa = PBXBuildFile; fileRef = 3E3F8C2A1949E136009916BD /* UIButton+AFNetworking.m */; };
		3E3F8C381949E136009916BD /* UIImageView+AFNetworking.m in Sources */ = {isa = PBXBuildFile; fileRef = 3E3F8C2C1949E136009916BD /* UIImageView+AFNetworking.m */; };
		3E3F8C391949E136009916BD /* UIProgressView+AFNetworking.m in Sources */ = {isa = PBXBuildFile; fileRef = 3E3F8C2F1949E136009916BD /* UIProgressView+AFNetworking.m */; };
		3E3F8C3A1949E136009916BD /* UIRefreshControl+AFNetworking.m in Sources */ = {isa = PBXBuildFile; fileRef = 3E3F8C311949E136009916BD /* UIRefreshControl+AFNetworking.m */; };
		3E3F8C3B1949E136009916BD /* UIWebView+AFNetworking.m in Sources */ = {isa = PBXBuildFile; fileRef = 3E3F8C331949E136009916BD /* UIWebView+AFNetworking.m */; };
		3E3F8C3F1949EE83009916BD /* CustomSegueForStart.m in Sources */ = {isa = PBXBuildFile; fileRef = 3E3F8C3E1949EE83009916BD /* CustomSegueForStart.m */; };
		3E48C24D1948906E00AC842D /* PSSignUpViewController.m in Sources */ = {isa = PBXBuildFile; fileRef = 3E48C24C1948906E00AC842D /* PSSignUpViewController.m */; };
		3E48C2511948996100AC842D /* PSUserStore.m in Sources */ = {isa = PBXBuildFile; fileRef = 3E48C2501948996100AC842D /* PSUserStore.m */; };
		3E4A701A19506942003EFD21 /* Post.m in Sources */ = {isa = PBXBuildFile; fileRef = 3E4A701919506941003EFD21 /* Post.m */; };
		3E4A701D19506942003EFD21 /* Comment.m in Sources */ = {isa = PBXBuildFile; fileRef = 3E4A701C19506942003EFD21 /* Comment.m */; };
		3E4A701F19506EEF003EFD21 /* response1.json in Resources */ = {isa = PBXBuildFile; fileRef = 3E4A701E19506EEF003EFD21 /* response1.json */; };
		3E4A702119508428003EFD21 /* CoreLocation.framework in Frameworks */ = {isa = PBXBuildFile; fileRef = 3E4A702019508428003EFD21 /* CoreLocation.framework */; };
		3E4A702419509BEE003EFD21 /* UIView+PSMKAnnotationView.m in Sources */ = {isa = PBXBuildFile; fileRef = 3E4A702319509BEE003EFD21 /* UIView+PSMKAnnotationView.m */; };
		3E585E3B195823CC00A96B2B /* MKMapView+MKMapView_PSZoomLevel.m in Sources */ = {isa = PBXBuildFile; fileRef = 3E585E3A195823CC00A96B2B /* MKMapView+MKMapView_PSZoomLevel.m */; };
		3E585E3D19582DB400A96B2B /* Social.framework in Frameworks */ = {isa = PBXBuildFile; fileRef = 3E585E3C19582DB400A96B2B /* Social.framework */; };
		3E9267331950303800A55AC8 /* MapKit.framework in Frameworks */ = {isa = PBXBuildFile; fileRef = 3E9267321950303800A55AC8 /* MapKit.framework */; };
		3E9267391950322400A55AC8 /* PSNearLocationViewController.m in Sources */ = {isa = PBXBuildFile; fileRef = 3E9267381950322400A55AC8 /* PSNearLocationViewController.m */; };
		3E92673C19503C0000A55AC8 /* PSMapAnnonation.m in Sources */ = {isa = PBXBuildFile; fileRef = 3E92673B19503C0000A55AC8 /* PSMapAnnonation.m */; };
		3EAF843F19471843003D1987 /* Foundation.framework in Frameworks */ = {isa = PBXBuildFile; fileRef = 3EAF843E19471843003D1987 /* Foundation.framework */; };
		3EAF844119471843003D1987 /* CoreGraphics.framework in Frameworks */ = {isa = PBXBuildFile; fileRef = 3EAF844019471843003D1987 /* CoreGraphics.framework */; };
		3EAF844319471843003D1987 /* UIKit.framework in Frameworks */ = {isa = PBXBuildFile; fileRef = 3EAF844219471843003D1987 /* UIKit.framework */; };
		3EAF844919471843003D1987 /* InfoPlist.strings in Resources */ = {isa = PBXBuildFile; fileRef = 3EAF844719471843003D1987 /* InfoPlist.strings */; };
		3EAF844B19471843003D1987 /* main.m in Sources */ = {isa = PBXBuildFile; fileRef = 3EAF844A19471843003D1987 /* main.m */; };
		3EAF844F19471843003D1987 /* PHAppDelegate.m in Sources */ = {isa = PBXBuildFile; fileRef = 3EAF844E19471843003D1987 /* PHAppDelegate.m */; };
		3EAF845119471843003D1987 /* Images.xcassets in Resources */ = {isa = PBXBuildFile; fileRef = 3EAF845019471843003D1987 /* Images.xcassets */; };
		3EAF845819471843003D1987 /* XCTest.framework in Frameworks */ = {isa = PBXBuildFile; fileRef = 3EAF845719471843003D1987 /* XCTest.framework */; };
		3EAF845919471843003D1987 /* Foundation.framework in Frameworks */ = {isa = PBXBuildFile; fileRef = 3EAF843E19471843003D1987 /* Foundation.framework */; };
		3EAF845A19471843003D1987 /* UIKit.framework in Frameworks */ = {isa = PBXBuildFile; fileRef = 3EAF844219471843003D1987 /* UIKit.framework */; };
		3EAF846219471843003D1987 /* InfoPlist.strings in Resources */ = {isa = PBXBuildFile; fileRef = 3EAF846019471843003D1987 /* InfoPlist.strings */; };
		3EAF846419471843003D1987 /* PhotoShareTests.m in Sources */ = {isa = PBXBuildFile; fileRef = 3EAF846319471843003D1987 /* PhotoShareTests.m */; };
		3EAF848319471A86003D1987 /* AFHTTPRequestOperation.m in Sources */ = {isa = PBXBuildFile; fileRef = 3EAF847119471A86003D1987 /* AFHTTPRequestOperation.m */; };
		3EAF848419471A86003D1987 /* AFHTTPRequestOperationManager.m in Sources */ = {isa = PBXBuildFile; fileRef = 3EAF847319471A86003D1987 /* AFHTTPRequestOperationManager.m */; };
		3EAF848519471A86003D1987 /* AFHTTPSessionManager.m in Sources */ = {isa = PBXBuildFile; fileRef = 3EAF847519471A86003D1987 /* AFHTTPSessionManager.m */; };
		3EAF848619471A86003D1987 /* AFNetworkReachabilityManager.m in Sources */ = {isa = PBXBuildFile; fileRef = 3EAF847819471A86003D1987 /* AFNetworkReachabilityManager.m */; };
		3EAF848719471A86003D1987 /* AFSecurityPolicy.m in Sources */ = {isa = PBXBuildFile; fileRef = 3EAF847A19471A86003D1987 /* AFSecurityPolicy.m */; };
		3EAF848819471A86003D1987 /* AFURLConnectionOperation.m in Sources */ = {isa = PBXBuildFile; fileRef = 3EAF847C19471A86003D1987 /* AFURLConnectionOperation.m */; };
		3EAF848919471A86003D1987 /* AFURLRequestSerialization.m in Sources */ = {isa = PBXBuildFile; fileRef = 3EAF847E19471A86003D1987 /* AFURLRequestSerialization.m */; };
		3EAF848A19471A86003D1987 /* AFURLResponseSerialization.m in Sources */ = {isa = PBXBuildFile; fileRef = 3EAF848019471A86003D1987 /* AFURLResponseSerialization.m */; };
		3EAF848B19471A86003D1987 /* AFURLSessionManager.m in Sources */ = {isa = PBXBuildFile; fileRef = 3EAF848219471A86003D1987 /* AFURLSessionManager.m */; };
		3EAF84CA19471AAF003D1987 /* MagicalImportFunctions.m in Sources */ = {isa = PBXBuildFile; fileRef = 3EAF849019471AAF003D1987 /* MagicalImportFunctions.m */; };
		3EAF84CB19471AAF003D1987 /* NSAttributeDescription+MagicalDataImport.m in Sources */ = {isa = PBXBuildFile; fileRef = 3EAF849219471AAF003D1987 /* NSAttributeDescription+MagicalDataImport.m */; };
		3EAF84CC19471AAF003D1987 /* NSEntityDescription+MagicalDataImport.m in Sources */ = {isa = PBXBuildFile; fileRef = 3EAF849419471AAF003D1987 /* NSEntityDescription+MagicalDataImport.m */; };
		3EAF84CD19471AAF003D1987 /* NSNumber+MagicalDataImport.m in Sources */ = {isa = PBXBuildFile; fileRef = 3EAF849619471AAF003D1987 /* NSNumber+MagicalDataImport.m */; };
		3EAF84CE19471AAF003D1987 /* NSObject+MagicalDataImport.m in Sources */ = {isa = PBXBuildFile; fileRef = 3EAF849819471AAF003D1987 /* NSObject+MagicalDataImport.m */; };
		3EAF84CF19471AAF003D1987 /* NSRelationshipDescription+MagicalDataImport.m in Sources */ = {isa = PBXBuildFile; fileRef = 3EAF849A19471AAF003D1987 /* NSRelationshipDescription+MagicalDataImport.m */; };
		3EAF84D019471AAF003D1987 /* NSString+MagicalDataImport.m in Sources */ = {isa = PBXBuildFile; fileRef = 3EAF849C19471AAF003D1987 /* NSString+MagicalDataImport.m */; };
		3EAF84D119471AAF003D1987 /* NSManagedObject+MagicalAggregation.m in Sources */ = {isa = PBXBuildFile; fileRef = 3EAF849F19471AAF003D1987 /* NSManagedObject+MagicalAggregation.m */; };
		3EAF84D219471AAF003D1987 /* NSManagedObject+MagicalDataImport.m in Sources */ = {isa = PBXBuildFile; fileRef = 3EAF84A119471AAF003D1987 /* NSManagedObject+MagicalDataImport.m */; };
		3EAF84D319471AAF003D1987 /* NSManagedObject+MagicalFinders.m in Sources */ = {isa = PBXBuildFile; fileRef = 3EAF84A319471AAF003D1987 /* NSManagedObject+MagicalFinders.m */; };
		3EAF84D419471AAF003D1987 /* NSManagedObject+MagicalRecord.m in Sources */ = {isa = PBXBuildFile; fileRef = 3EAF84A519471AAF003D1987 /* NSManagedObject+MagicalRecord.m */; };
		3EAF84D519471AAF003D1987 /* NSManagedObject+MagicalRequests.m in Sources */ = {isa = PBXBuildFile; fileRef = 3EAF84A719471AAF003D1987 /* NSManagedObject+MagicalRequests.m */; };
		3EAF84D619471AAF003D1987 /* NSManagedObjectContext+MagicalObserving.m in Sources */ = {isa = PBXBuildFile; fileRef = 3EAF84AA19471AAF003D1987 /* NSManagedObjectContext+MagicalObserving.m */; };
		3EAF84D719471AAF003D1987 /* NSManagedObjectContext+MagicalRecord.m in Sources */ = {isa = PBXBuildFile; fileRef = 3EAF84AC19471AAF003D1987 /* NSManagedObjectContext+MagicalRecord.m */; };
		3EAF84D819471AAF003D1987 /* NSManagedObjectContext+MagicalSaves.m in Sources */ = {isa = PBXBuildFile; fileRef = 3EAF84AE19471AAF003D1987 /* NSManagedObjectContext+MagicalSaves.m */; };
		3EAF84D919471AAF003D1987 /* NSManagedObjectContext+MagicalThreading.m in Sources */ = {isa = PBXBuildFile; fileRef = 3EAF84B019471AAF003D1987 /* NSManagedObjectContext+MagicalThreading.m */; };
		3EAF84DA19471AAF003D1987 /* NSManagedObjectModel+MagicalRecord.m in Sources */ = {isa = PBXBuildFile; fileRef = 3EAF84B219471AAF003D1987 /* NSManagedObjectModel+MagicalRecord.m */; };
		3EAF84DB19471AAF003D1987 /* NSPersistentStore+MagicalRecord.m in Sources */ = {isa = PBXBuildFile; fileRef = 3EAF84B419471AAF003D1987 /* NSPersistentStore+MagicalRecord.m */; };
		3EAF84DC19471AAF003D1987 /* NSPersistentStoreCoordinator+MagicalRecord.m in Sources */ = {isa = PBXBuildFile; fileRef = 3EAF84B619471AAF003D1987 /* NSPersistentStoreCoordinator+MagicalRecord.m */; };
		3EAF84DD19471AAF003D1987 /* MagicalRecord+Actions.m in Sources */ = {isa = PBXBuildFile; fileRef = 3EAF84B919471AAF003D1987 /* MagicalRecord+Actions.m */; };
		3EAF84DE19471AAF003D1987 /* MagicalRecord+ErrorHandling.m in Sources */ = {isa = PBXBuildFile; fileRef = 3EAF84BB19471AAF003D1987 /* MagicalRecord+ErrorHandling.m */; };
		3EAF84DF19471AAF003D1987 /* MagicalRecord+iCloud.m in Sources */ = {isa = PBXBuildFile; fileRef = 3EAF84BD19471AAF003D1987 /* MagicalRecord+iCloud.m */; };
		3EAF84E019471AAF003D1987 /* MagicalRecord+Options.m in Sources */ = {isa = PBXBuildFile; fileRef = 3EAF84BF19471AAF003D1987 /* MagicalRecord+Options.m */; };
		3EAF84E119471AAF003D1987 /* MagicalRecord+Setup.m in Sources */ = {isa = PBXBuildFile; fileRef = 3EAF84C119471AAF003D1987 /* MagicalRecord+Setup.m */; };
		3EAF84E219471AAF003D1987 /* MagicalRecord+ShorthandSupport.m in Sources */ = {isa = PBXBuildFile; fileRef = 3EAF84C319471AAF003D1987 /* MagicalRecord+ShorthandSupport.m */; };
		3EAF84E319471AAF003D1987 /* MagicalRecord.m in Sources */ = {isa = PBXBuildFile; fileRef = 3EAF84C519471AAF003D1987 /* MagicalRecord.m */; };
		3EAF84E519471AF1003D1987 /* CoreData.framework in Frameworks */ = {isa = PBXBuildFile; fileRef = 3EAF84E419471AF1003D1987 /* CoreData.framework */; };
		3EAF851E19473D66003D1987 /* PSNetworkManager.m in Sources */ = {isa = PBXBuildFile; fileRef = 3EAF851D19473D66003D1987 /* PSNetworkManager.m */; };
		3EAF853019476C95003D1987 /* PSUserModel.m in Sources */ = {isa = PBXBuildFile; fileRef = 3EAF852F19476C95003D1987 /* PSUserModel.m */; };
		82A7044E1952F7DB002EB459 /* PSLoginViewController.m in Sources */ = {isa = PBXBuildFile; fileRef = 82A7044D1952F7DB002EB459 /* PSLoginViewController.m */; };
		82A704511952F973002EB459 /* PSSplashViewController.m in Sources */ = {isa = PBXBuildFile; fileRef = 82A704501952F973002EB459 /* PSSplashViewController.m */; };
		938B50E906BEC7EF35DA3FC9 /* PhotosteamIcon.png in Resources */ = {isa = PBXBuildFile; fileRef = 938B570A2EC19C77E23C1B08 /* PhotosteamIcon.png */; };
		938B529F33E337409D00DD36 /* userIconBar.png in Resources */ = {isa = PBXBuildFile; fileRef = 938B5208F7BE63231B1768CF /* userIconBar.png */; };
		938B5507FB436C1B73F0F816 /* heart-icon.png in Resources */ = {isa = PBXBuildFile; fileRef = 938B59B0BDE26B187E28716B /* heart-icon.png */; };
		938B56D0B92AFC70D5CCB443 /* photoBarIcon.png in Resources */ = {isa = PBXBuildFile; fileRef = 938B5B6FDFE9B3645F39E963 /* photoBarIcon.png */; };
		938B5828EE33E400AEEE3776 /* pin.png in Resources */ = {isa = PBXBuildFile; fileRef = 938B56ECDFFF2F5939D1B1C1 /* pin.png */; };
		938B58336451301B359FD33B /* friendsIconBar.png in Resources */ = {isa = PBXBuildFile; fileRef = 938B5DD302FDD2D4AFE07053 /* friendsIconBar.png */; };
		938B5D808CF059F488CB4A14 /* near.png in Resources */ = {isa = PBXBuildFile; fileRef = 938B5AE4142455FB808D91FE /* near.png */; };
		938B5FC42806EDFB95CF0C7D /* dislike.png in Resources */ = {isa = PBXBuildFile; fileRef = 938B5480C36E21FFD25F39C2 /* dislike.png */; };
/* End PBXBuildFile section */

/* Begin PBXContainerItemProxy section */
		3EAF845B19471843003D1987 /* PBXContainerItemProxy */ = {
			isa = PBXContainerItemProxy;
			containerPortal = 3EAF843319471843003D1987 /* Project object */;
			proxyType = 1;
			remoteGlobalIDString = 3EAF843A19471843003D1987;
			remoteInfo = PhotoShare;
		};
/* End PBXContainerItemProxy section */

/* Begin PBXFileReference section */
		3E11883B194AE2FF00D562A1 /* PSProfileViewController.h */ = {isa = PBXFileReference; fileEncoding = 4; lastKnownFileType = sourcecode.c.h; path = PSProfileViewController.h; sourceTree = "<group>"; };
		3E11883C194AE2FF00D562A1 /* PSProfileViewController.m */ = {isa = PBXFileReference; fileEncoding = 4; lastKnownFileType = sourcecode.c.objc; path = PSProfileViewController.m; sourceTree = "<group>"; };
		3E11883F194AE9B300D562A1 /* PSSettingsViewController.h */ = {isa = PBXFileReference; fileEncoding = 4; lastKnownFileType = sourcecode.c.h; path = PSSettingsViewController.h; sourceTree = "<group>"; };
		3E118840194AE9B300D562A1 /* PSSettingsViewController.m */ = {isa = PBXFileReference; fileEncoding = 4; lastKnownFileType = sourcecode.c.objc; path = PSSettingsViewController.m; sourceTree = "<group>"; };
		3E118842194AFF2D00D562A1 /* CustomUnwindSegue.h */ = {isa = PBXFileReference; fileEncoding = 4; lastKnownFileType = sourcecode.c.h; path = CustomUnwindSegue.h; sourceTree = "<group>"; };
		3E118843194AFF2D00D562A1 /* CustomUnwindSegue.m */ = {isa = PBXFileReference; fileEncoding = 4; lastKnownFileType = sourcecode.c.objc; path = CustomUnwindSegue.m; sourceTree = "<group>"; };
		3E11884F194B2E9D00D562A1 /* UserDataModel.xcdatamodel */ = {isa = PBXFileReference; lastKnownFileType = wrapper.xcdatamodel; path = UserDataModel.xcdatamodel; sourceTree = "<group>"; };
		3E16A52C194EFA9A006E8B88 /* PSPhotoFromStreamTableViewCell.h */ = {isa = PBXFileReference; fileEncoding = 4; lastKnownFileType = sourcecode.c.h; path = PSPhotoFromStreamTableViewCell.h; sourceTree = "<group>"; };
		3E16A52D194EFA9A006E8B88 /* PSPhotoFromStreamTableViewCell.m */ = {isa = PBXFileReference; fileEncoding = 4; lastKnownFileType = sourcecode.c.objc; path = PSPhotoFromStreamTableViewCell.m; sourceTree = "<group>"; };
		3E16A52F194F385C006E8B88 /* PSCollectionCellForPhoto.h */ = {isa = PBXFileReference; fileEncoding = 4; lastKnownFileType = sourcecode.c.h; path = PSCollectionCellForPhoto.h; sourceTree = "<group>"; };
		3E16A530194F385C006E8B88 /* PSCollectionCellForPhoto.m */ = {isa = PBXFileReference; fileEncoding = 4; lastKnownFileType = sourcecode.c.objc; path = PSCollectionCellForPhoto.m; sourceTree = "<group>"; };
		3E1CC6421951B62F00032216 /* PSMKAnnotationView.h */ = {isa = PBXFileReference; fileEncoding = 4; lastKnownFileType = sourcecode.c.h; name = PSMKAnnotationView.h; path = PhotoShare/Controllers/TabBarControllers/NearController/PSMKAnnotationView.h; sourceTree = SOURCE_ROOT; };
		3E1CC6431951B62F00032216 /* PSMKAnnotationView.m */ = {isa = PBXFileReference; fileEncoding = 4; lastKnownFileType = sourcecode.c.objc; name = PSMKAnnotationView.m; path = PhotoShare/Controllers/TabBarControllers/NearController/PSMKAnnotationView.m; sourceTree = SOURCE_ROOT; };
		3E2EA75F195AB1E4008AC688 /* libBlocksKit.a */ = {isa = PBXFileReference; lastKnownFileType = archive.ar; path = libBlocksKit.a; sourceTree = "<group>"; };
		3E2EA760195AB1E4008AC688 /* UIControl+BlocksKit.h */ = {isa = PBXFileReference; fileEncoding = 4; lastKnownFileType = sourcecode.c.h; path = "UIControl+BlocksKit.h"; sourceTree = "<group>"; };
		3E2EA761195AB1E4008AC688 /* UIControl+BlocksKit.m */ = {isa = PBXFileReference; fileEncoding = 4; lastKnownFileType = sourcecode.c.objc; path = "UIControl+BlocksKit.m"; sourceTree = "<group>"; };
		3E2EA764195AB74F008AC688 /* PSCustomSegueLayerControllers.h */ = {isa = PBXFileReference; fileEncoding = 4; lastKnownFileType = sourcecode.c.h; path = PSCustomSegueLayerControllers.h; sourceTree = "<group>"; };
		3E2EA765195AB74F008AC688 /* PSCustomSegueLayerControllers.m */ = {isa = PBXFileReference; fileEncoding = 4; lastKnownFileType = sourcecode.c.objc; path = PSCustomSegueLayerControllers.m; sourceTree = "<group>"; };
		3E2EA76B195AD759008AC688 /* Base */ = {isa = PBXFileReference; lastKnownFileType = file.storyboard; name = Base; path = Base.lproj/Iphone.storyboard; sourceTree = "<group>"; };
		3E2EA76E195AD9DF008AC688 /* Base */ = {isa = PBXFileReference; lastKnownFileType = text.plist.strings; name = Base; path = Base.lproj/InfoPlist.strings; sourceTree = "<group>"; };
		3E2EA770195AE037008AC688 /* AutoLocalize.h */ = {isa = PBXFileReference; fileEncoding = 4; lastKnownFileType = sourcecode.c.h; path = AutoLocalize.h; sourceTree = "<group>"; };
		3E2EA771195AE037008AC688 /* AutoLocalize.m */ = {isa = PBXFileReference; fileEncoding = 4; lastKnownFileType = sourcecode.c.objc; path = AutoLocalize.m; sourceTree = "<group>"; };
		3E2EA774195AE39B008AC688 /* en */ = {isa = PBXFileReference; lastKnownFileType = text.plist.strings; name = en; path = en.lproj/Iphone.strings; sourceTree = "<group>"; };
		3E2EA7C7195AF16F008AC688 /* en */ = {isa = PBXFileReference; lastKnownFileType = text.plist.strings; name = en; path = en.lproj/Localizable.strings; sourceTree = "<group>"; };
		3E2EA7C9195AF17F008AC688 /* ru */ = {isa = PBXFileReference; lastKnownFileType = text.plist.strings; name = ru; path = ru.lproj/Iphone.strings; sourceTree = "<group>"; };
		3E2EA7CA195AF189008AC688 /* ru */ = {isa = PBXFileReference; lastKnownFileType = text.plist.strings; name = ru; path = ru.lproj/Localizable.strings; sourceTree = "<group>"; };
		3E2EA7CB195AF189008AC688 /* ru */ = {isa = PBXFileReference; lastKnownFileType = text.plist.strings; name = ru; path = ru.lproj/InfoPlist.strings; sourceTree = "<group>"; };
		3E328885194986BB00B0DD90 /* MBProgressHUD.h */ = {isa = PBXFileReference; fileEncoding = 4; lastKnownFileType = sourcecode.c.h; path = MBProgressHUD.h; sourceTree = "<group>"; };
		3E328886194986BB00B0DD90 /* MBProgressHUD.m */ = {isa = PBXFileReference; fileEncoding = 4; lastKnownFileType = sourcecode.c.objc; path = MBProgressHUD.m; sourceTree = "<group>"; };
		3E35130819541B3200433F26 /* AssetsLibrary.framework */ = {isa = PBXFileReference; lastKnownFileType = wrapper.framework; name = AssetsLibrary.framework; path = System/Library/Frameworks/AssetsLibrary.framework; sourceTree = SDKROOT; };
		3E35130B19542B6F00433F26 /* PSDetailedPhotoContollerViewController.h */ = {isa = PBXFileReference; fileEncoding = 4; lastKnownFileType = sourcecode.c.h; path = PSDetailedPhotoContollerViewController.h; sourceTree = "<group>"; };
		3E35130C19542B6F00433F26 /* PSDetailedPhotoContollerViewController.m */ = {isa = PBXFileReference; fileEncoding = 4; lastKnownFileType = sourcecode.c.objc; path = PSDetailedPhotoContollerViewController.m; sourceTree = "<group>"; };
		3E35130E1954413C00433F26 /* comment.png */ = {isa = PBXFileReference; lastKnownFileType = image.png; path = comment.png; sourceTree = "<group>"; };
		3E3513101954713C00433F26 /* MessageUI.framework */ = {isa = PBXFileReference; lastKnownFileType = wrapper.framework; name = MessageUI.framework; path = System/Library/Frameworks/MessageUI.framework; sourceTree = SDKROOT; };
		3E3513121954908D00433F26 /* ALAssetsLibrary+CustomPhotoAlbum.h */ = {isa = PBXFileReference; fileEncoding = 4; lastKnownFileType = sourcecode.c.h; path = "ALAssetsLibrary+CustomPhotoAlbum.h"; sourceTree = "<group>"; };
		3E3513131954908D00433F26 /* ALAssetsLibrary+CustomPhotoAlbum.m */ = {isa = PBXFileReference; fileEncoding = 4; lastKnownFileType = sourcecode.c.objc; path = "ALAssetsLibrary+CustomPhotoAlbum.m"; sourceTree = "<group>"; };
		3E375F02195336B200FFDC87 /* PSCollectionHeaderView.h */ = {isa = PBXFileReference; fileEncoding = 4; lastKnownFileType = sourcecode.c.h; path = PSCollectionHeaderView.h; sourceTree = "<group>"; };
		3E375F03195336B200FFDC87 /* PSCollectionHeaderView.m */ = {isa = PBXFileReference; fileEncoding = 4; lastKnownFileType = sourcecode.c.objc; path = PSCollectionHeaderView.m; sourceTree = "<group>"; };
		3E3F8C101949A1F5009916BD /* PSStreamViewController.h */ = {isa = PBXFileReference; fileEncoding = 4; lastKnownFileType = sourcecode.c.h; path = PSStreamViewController.h; sourceTree = "<group>"; };
		3E3F8C111949A1F5009916BD /* PSStreamViewController.m */ = {isa = PBXFileReference; fileEncoding = 4; lastKnownFileType = sourcecode.c.objc; path = PSStreamViewController.m; sourceTree = "<group>"; };
		3E3F8C141949A57C009916BD /* PSPhotoController.h */ = {isa = PBXFileReference; fileEncoding = 4; lastKnownFileType = sourcecode.c.h; path = PSPhotoController.h; sourceTree = "<group>"; };
		3E3F8C151949A57C009916BD /* PSPhotoController.m */ = {isa = PBXFileReference; fileEncoding = 4; lastKnownFileType = sourcecode.c.objc; path = PSPhotoController.m; sourceTree = "<group>"; };
		3E3F8C1B1949C4F1009916BD /* NSString+PSValidation.h */ = {isa = PBXFileReference; fileEncoding = 4; lastKnownFileType = sourcecode.c.h; path = "NSString+PSValidation.h"; sourceTree = "<group>"; };
		3E3F8C1C1949C4F1009916BD /* NSString+PSValidation.m */ = {isa = PBXFileReference; fileEncoding = 4; lastKnownFileType = sourcecode.c.objc; path = "NSString+PSValidation.m"; sourceTree = "<group>"; };
		3E3F8C1F1949CCE3009916BD /* User.h */ = {isa = PBXFileReference; fileEncoding = 4; lastKnownFileType = sourcecode.c.h; path = User.h; sourceTree = "<group>"; };
		3E3F8C201949CCE3009916BD /* User.m */ = {isa = PBXFileReference; fileEncoding = 4; lastKnownFileType = sourcecode.c.objc; path = User.m; sourceTree = "<group>"; };
		3E3F8C231949E136009916BD /* AFNetworkActivityIndicatorManager.h */ = {isa = PBXFileReference; fileEncoding = 4; lastKnownFileType = sourcecode.c.h; path = AFNetworkActivityIndicatorManager.h; sourceTree = "<group>"; };
		3E3F8C241949E136009916BD /* AFNetworkActivityIndicatorManager.m */ = {isa = PBXFileReference; fileEncoding = 4; lastKnownFileType = sourcecode.c.objc; path = AFNetworkActivityIndicatorManager.m; sourceTree = "<group>"; };
		3E3F8C251949E136009916BD /* UIActivityIndicatorView+AFNetworking.h */ = {isa = PBXFileReference; fileEncoding = 4; lastKnownFileType = sourcecode.c.h; path = "UIActivityIndicatorView+AFNetworking.h"; sourceTree = "<group>"; };
		3E3F8C261949E136009916BD /* UIActivityIndicatorView+AFNetworking.m */ = {isa = PBXFileReference; fileEncoding = 4; lastKnownFileType = sourcecode.c.objc; path = "UIActivityIndicatorView+AFNetworking.m"; sourceTree = "<group>"; };
		3E3F8C271949E136009916BD /* UIAlertView+AFNetworking.h */ = {isa = PBXFileReference; fileEncoding = 4; lastKnownFileType = sourcecode.c.h; path = "UIAlertView+AFNetworking.h"; sourceTree = "<group>"; };
		3E3F8C281949E136009916BD /* UIAlertView+AFNetworking.m */ = {isa = PBXFileReference; fileEncoding = 4; lastKnownFileType = sourcecode.c.objc; path = "UIAlertView+AFNetworking.m"; sourceTree = "<group>"; };
		3E3F8C291949E136009916BD /* UIButton+AFNetworking.h */ = {isa = PBXFileReference; fileEncoding = 4; lastKnownFileType = sourcecode.c.h; path = "UIButton+AFNetworking.h"; sourceTree = "<group>"; };
		3E3F8C2A1949E136009916BD /* UIButton+AFNetworking.m */ = {isa = PBXFileReference; fileEncoding = 4; lastKnownFileType = sourcecode.c.objc; path = "UIButton+AFNetworking.m"; sourceTree = "<group>"; };
		3E3F8C2B1949E136009916BD /* UIImageView+AFNetworking.h */ = {isa = PBXFileReference; fileEncoding = 4; lastKnownFileType = sourcecode.c.h; path = "UIImageView+AFNetworking.h"; sourceTree = "<group>"; };
		3E3F8C2C1949E136009916BD /* UIImageView+AFNetworking.m */ = {isa = PBXFileReference; fileEncoding = 4; lastKnownFileType = sourcecode.c.objc; path = "UIImageView+AFNetworking.m"; sourceTree = "<group>"; };
		3E3F8C2D1949E136009916BD /* UIKit+AFNetworking.h */ = {isa = PBXFileReference; fileEncoding = 4; lastKnownFileType = sourcecode.c.h; path = "UIKit+AFNetworking.h"; sourceTree = "<group>"; };
		3E3F8C2E1949E136009916BD /* UIProgressView+AFNetworking.h */ = {isa = PBXFileReference; fileEncoding = 4; lastKnownFileType = sourcecode.c.h; path = "UIProgressView+AFNetworking.h"; sourceTree = "<group>"; };
		3E3F8C2F1949E136009916BD /* UIProgressView+AFNetworking.m */ = {isa = PBXFileReference; fileEncoding = 4; lastKnownFileType = sourcecode.c.objc; path = "UIProgressView+AFNetworking.m"; sourceTree = "<group>"; };
		3E3F8C301949E136009916BD /* UIRefreshControl+AFNetworking.h */ = {isa = PBXFileReference; fileEncoding = 4; lastKnownFileType = sourcecode.c.h; path = "UIRefreshControl+AFNetworking.h"; sourceTree = "<group>"; };
		3E3F8C311949E136009916BD /* UIRefreshControl+AFNetworking.m */ = {isa = PBXFileReference; fileEncoding = 4; lastKnownFileType = sourcecode.c.objc; path = "UIRefreshControl+AFNetworking.m"; sourceTree = "<group>"; };
		3E3F8C321949E136009916BD /* UIWebView+AFNetworking.h */ = {isa = PBXFileReference; fileEncoding = 4; lastKnownFileType = sourcecode.c.h; path = "UIWebView+AFNetworking.h"; sourceTree = "<group>"; };
		3E3F8C331949E136009916BD /* UIWebView+AFNetworking.m */ = {isa = PBXFileReference; fileEncoding = 4; lastKnownFileType = sourcecode.c.objc; path = "UIWebView+AFNetworking.m"; sourceTree = "<group>"; };
		3E3F8C3D1949EE83009916BD /* CustomSegueForStart.h */ = {isa = PBXFileReference; fileEncoding = 4; lastKnownFileType = sourcecode.c.h; path = CustomSegueForStart.h; sourceTree = "<group>"; };
		3E3F8C3E1949EE83009916BD /* CustomSegueForStart.m */ = {isa = PBXFileReference; fileEncoding = 4; lastKnownFileType = sourcecode.c.objc; path = CustomSegueForStart.m; sourceTree = "<group>"; };
		3E48C24B1948906E00AC842D /* PSSignUpViewController.h */ = {isa = PBXFileReference; fileEncoding = 4; lastKnownFileType = sourcecode.c.h; name = PSSignUpViewController.h; path = PhotoShare/Controllers/SignUpController/PSSignUpViewController.h; sourceTree = SOURCE_ROOT; };
		3E48C24C1948906E00AC842D /* PSSignUpViewController.m */ = {isa = PBXFileReference; fileEncoding = 4; lastKnownFileType = sourcecode.c.objc; name = PSSignUpViewController.m; path = PhotoShare/Controllers/SignUpController/PSSignUpViewController.m; sourceTree = SOURCE_ROOT; };
		3E48C24F1948996100AC842D /* PSUserStore.h */ = {isa = PBXFileReference; fileEncoding = 4; lastKnownFileType = sourcecode.c.h; path = PSUserStore.h; sourceTree = "<group>"; };
		3E48C2501948996100AC842D /* PSUserStore.m */ = {isa = PBXFileReference; fileEncoding = 4; lastKnownFileType = sourcecode.c.objc; path = PSUserStore.m; sourceTree = "<group>"; };
		3E4A701819506941003EFD21 /* Post.h */ = {isa = PBXFileReference; fileEncoding = 4; lastKnownFileType = sourcecode.c.h; name = Post.h; path = ../../Post.h; sourceTree = "<group>"; };
		3E4A701919506941003EFD21 /* Post.m */ = {isa = PBXFileReference; fileEncoding = 4; lastKnownFileType = sourcecode.c.objc; name = Post.m; path = ../../Post.m; sourceTree = "<group>"; };
		3E4A701B19506942003EFD21 /* Comment.h */ = {isa = PBXFileReference; fileEncoding = 4; lastKnownFileType = sourcecode.c.h; name = Comment.h; path = ../../Comment.h; sourceTree = "<group>"; };
		3E4A701C19506942003EFD21 /* Comment.m */ = {isa = PBXFileReference; fileEncoding = 4; lastKnownFileType = sourcecode.c.objc; name = Comment.m; path = ../../Comment.m; sourceTree = "<group>"; };
		3E4A701E19506EEF003EFD21 /* response1.json */ = {isa = PBXFileReference; fileEncoding = 4; lastKnownFileType = text.json; path = response1.json; sourceTree = "<group>"; };
		3E4A702019508428003EFD21 /* CoreLocation.framework */ = {isa = PBXFileReference; lastKnownFileType = wrapper.framework; name = CoreLocation.framework; path = System/Library/Frameworks/CoreLocation.framework; sourceTree = SDKROOT; };
		3E4A702219509BEE003EFD21 /* UIView+PSMKAnnotationView.h */ = {isa = PBXFileReference; fileEncoding = 4; lastKnownFileType = sourcecode.c.h; path = "UIView+PSMKAnnotationView.h"; sourceTree = "<group>"; };
		3E4A702319509BEE003EFD21 /* UIView+PSMKAnnotationView.m */ = {isa = PBXFileReference; fileEncoding = 4; lastKnownFileType = sourcecode.c.objc; path = "UIView+PSMKAnnotationView.m"; sourceTree = "<group>"; };
		3E585E39195823CC00A96B2B /* MKMapView+MKMapView_PSZoomLevel.h */ = {isa = PBXFileReference; fileEncoding = 4; lastKnownFileType = sourcecode.c.h; path = "MKMapView+MKMapView_PSZoomLevel.h"; sourceTree = "<group>"; };
		3E585E3A195823CC00A96B2B /* MKMapView+MKMapView_PSZoomLevel.m */ = {isa = PBXFileReference; fileEncoding = 4; lastKnownFileType = sourcecode.c.objc; path = "MKMapView+MKMapView_PSZoomLevel.m"; sourceTree = "<group>"; };
		3E585E3C19582DB400A96B2B /* Social.framework */ = {isa = PBXFileReference; lastKnownFileType = wrapper.framework; name = Social.framework; path = System/Library/Frameworks/Social.framework; sourceTree = SDKROOT; };
		3E9267321950303800A55AC8 /* MapKit.framework */ = {isa = PBXFileReference; lastKnownFileType = wrapper.framework; name = MapKit.framework; path = System/Library/Frameworks/MapKit.framework; sourceTree = SDKROOT; };
		3E9267371950322400A55AC8 /* PSNearLocationViewController.h */ = {isa = PBXFileReference; fileEncoding = 4; lastKnownFileType = sourcecode.c.h; name = PSNearLocationViewController.h; path = PhotoShare/Controllers/TabBarControllers/NearController/PSNearLocationViewController.h; sourceTree = SOURCE_ROOT; };
		3E9267381950322400A55AC8 /* PSNearLocationViewController.m */ = {isa = PBXFileReference; fileEncoding = 4; lastKnownFileType = sourcecode.c.objc; name = PSNearLocationViewController.m; path = PhotoShare/Controllers/TabBarControllers/NearController/PSNearLocationViewController.m; sourceTree = SOURCE_ROOT; };
		3E92673A19503C0000A55AC8 /* PSMapAnnonation.h */ = {isa = PBXFileReference; fileEncoding = 4; lastKnownFileType = sourcecode.c.h; name = PSMapAnnonation.h; path = PhotoShare/Controllers/TabBarControllers/NearController/PSMapAnnonation.h; sourceTree = SOURCE_ROOT; };
		3E92673B19503C0000A55AC8 /* PSMapAnnonation.m */ = {isa = PBXFileReference; fileEncoding = 4; lastKnownFileType = sourcecode.c.objc; name = PSMapAnnonation.m; path = PhotoShare/Controllers/TabBarControllers/NearController/PSMapAnnonation.m; sourceTree = SOURCE_ROOT; };
		3EAF843B19471843003D1987 /* PhotoShare.app */ = {isa = PBXFileReference; explicitFileType = wrapper.application; includeInIndex = 0; path = PhotoShare.app; sourceTree = BUILT_PRODUCTS_DIR; };
		3EAF843E19471843003D1987 /* Foundation.framework */ = {isa = PBXFileReference; lastKnownFileType = wrapper.framework; name = Foundation.framework; path = System/Library/Frameworks/Foundation.framework; sourceTree = SDKROOT; };
		3EAF844019471843003D1987 /* CoreGraphics.framework */ = {isa = PBXFileReference; lastKnownFileType = wrapper.framework; name = CoreGraphics.framework; path = System/Library/Frameworks/CoreGraphics.framework; sourceTree = SDKROOT; };
		3EAF844219471843003D1987 /* UIKit.framework */ = {isa = PBXFileReference; lastKnownFileType = wrapper.framework; name = UIKit.framework; path = System/Library/Frameworks/UIKit.framework; sourceTree = SDKROOT; };
		3EAF844619471843003D1987 /* PhotoShare-Info.plist */ = {isa = PBXFileReference; lastKnownFileType = text.plist.xml; path = "PhotoShare-Info.plist"; sourceTree = "<group>"; };
		3EAF844819471843003D1987 /* en */ = {isa = PBXFileReference; lastKnownFileType = text.plist.strings; name = en; path = en.lproj/InfoPlist.strings; sourceTree = "<group>"; };
		3EAF844A19471843003D1987 /* main.m */ = {isa = PBXFileReference; lastKnownFileType = sourcecode.c.objc; path = main.m; sourceTree = "<group>"; };
		3EAF844C19471843003D1987 /* PhotoShare-Prefix.pch */ = {isa = PBXFileReference; lastKnownFileType = sourcecode.c.h; path = "PhotoShare-Prefix.pch"; sourceTree = "<group>"; };
		3EAF844D19471843003D1987 /* PHAppDelegate.h */ = {isa = PBXFileReference; lastKnownFileType = sourcecode.c.h; path = PHAppDelegate.h; sourceTree = "<group>"; };
		3EAF844E19471843003D1987 /* PHAppDelegate.m */ = {isa = PBXFileReference; lastKnownFileType = sourcecode.c.objc; path = PHAppDelegate.m; sourceTree = "<group>"; };
		3EAF845019471843003D1987 /* Images.xcassets */ = {isa = PBXFileReference; lastKnownFileType = folder.assetcatalog; path = Images.xcassets; sourceTree = "<group>"; };
		3EAF845619471843003D1987 /* PhotoShareTests.xctest */ = {isa = PBXFileReference; explicitFileType = wrapper.cfbundle; includeInIndex = 0; path = PhotoShareTests.xctest; sourceTree = BUILT_PRODUCTS_DIR; };
		3EAF845719471843003D1987 /* XCTest.framework */ = {isa = PBXFileReference; lastKnownFileType = wrapper.framework; name = XCTest.framework; path = Library/Frameworks/XCTest.framework; sourceTree = DEVELOPER_DIR; };
		3EAF845F19471843003D1987 /* PhotoShareTests-Info.plist */ = {isa = PBXFileReference; lastKnownFileType = text.plist.xml; path = "PhotoShareTests-Info.plist"; sourceTree = "<group>"; };
		3EAF846119471843003D1987 /* en */ = {isa = PBXFileReference; lastKnownFileType = text.plist.strings; name = en; path = en.lproj/InfoPlist.strings; sourceTree = "<group>"; };
		3EAF846319471843003D1987 /* PhotoShareTests.m */ = {isa = PBXFileReference; lastKnownFileType = sourcecode.c.objc; path = PhotoShareTests.m; sourceTree = "<group>"; };
		3EAF847019471A86003D1987 /* AFHTTPRequestOperation.h */ = {isa = PBXFileReference; fileEncoding = 4; lastKnownFileType = sourcecode.c.h; path = AFHTTPRequestOperation.h; sourceTree = "<group>"; };
		3EAF847119471A86003D1987 /* AFHTTPRequestOperation.m */ = {isa = PBXFileReference; fileEncoding = 4; lastKnownFileType = sourcecode.c.objc; path = AFHTTPRequestOperation.m; sourceTree = "<group>"; };
		3EAF847219471A86003D1987 /* AFHTTPRequestOperationManager.h */ = {isa = PBXFileReference; fileEncoding = 4; lastKnownFileType = sourcecode.c.h; path = AFHTTPRequestOperationManager.h; sourceTree = "<group>"; };
		3EAF847319471A86003D1987 /* AFHTTPRequestOperationManager.m */ = {isa = PBXFileReference; fileEncoding = 4; lastKnownFileType = sourcecode.c.objc; path = AFHTTPRequestOperationManager.m; sourceTree = "<group>"; };
		3EAF847419471A86003D1987 /* AFHTTPSessionManager.h */ = {isa = PBXFileReference; fileEncoding = 4; lastKnownFileType = sourcecode.c.h; path = AFHTTPSessionManager.h; sourceTree = "<group>"; };
		3EAF847519471A86003D1987 /* AFHTTPSessionManager.m */ = {isa = PBXFileReference; fileEncoding = 4; lastKnownFileType = sourcecode.c.objc; path = AFHTTPSessionManager.m; sourceTree = "<group>"; };
		3EAF847619471A86003D1987 /* AFNetworking.h */ = {isa = PBXFileReference; fileEncoding = 4; lastKnownFileType = sourcecode.c.h; path = AFNetworking.h; sourceTree = "<group>"; };
		3EAF847719471A86003D1987 /* AFNetworkReachabilityManager.h */ = {isa = PBXFileReference; fileEncoding = 4; lastKnownFileType = sourcecode.c.h; path = AFNetworkReachabilityManager.h; sourceTree = "<group>"; };
		3EAF847819471A86003D1987 /* AFNetworkReachabilityManager.m */ = {isa = PBXFileReference; fileEncoding = 4; lastKnownFileType = sourcecode.c.objc; path = AFNetworkReachabilityManager.m; sourceTree = "<group>"; };
		3EAF847919471A86003D1987 /* AFSecurityPolicy.h */ = {isa = PBXFileReference; fileEncoding = 4; lastKnownFileType = sourcecode.c.h; path = AFSecurityPolicy.h; sourceTree = "<group>"; };
		3EAF847A19471A86003D1987 /* AFSecurityPolicy.m */ = {isa = PBXFileReference; fileEncoding = 4; lastKnownFileType = sourcecode.c.objc; path = AFSecurityPolicy.m; sourceTree = "<group>"; };
		3EAF847B19471A86003D1987 /* AFURLConnectionOperation.h */ = {isa = PBXFileReference; fileEncoding = 4; lastKnownFileType = sourcecode.c.h; path = AFURLConnectionOperation.h; sourceTree = "<group>"; };
		3EAF847C19471A86003D1987 /* AFURLConnectionOperation.m */ = {isa = PBXFileReference; fileEncoding = 4; lastKnownFileType = sourcecode.c.objc; path = AFURLConnectionOperation.m; sourceTree = "<group>"; };
		3EAF847D19471A86003D1987 /* AFURLRequestSerialization.h */ = {isa = PBXFileReference; fileEncoding = 4; lastKnownFileType = sourcecode.c.h; path = AFURLRequestSerialization.h; sourceTree = "<group>"; };
		3EAF847E19471A86003D1987 /* AFURLRequestSerialization.m */ = {isa = PBXFileReference; fileEncoding = 4; lastKnownFileType = sourcecode.c.objc; path = AFURLRequestSerialization.m; sourceTree = "<group>"; };
		3EAF847F19471A86003D1987 /* AFURLResponseSerialization.h */ = {isa = PBXFileReference; fileEncoding = 4; lastKnownFileType = sourcecode.c.h; path = AFURLResponseSerialization.h; sourceTree = "<group>"; };
		3EAF848019471A86003D1987 /* AFURLResponseSerialization.m */ = {isa = PBXFileReference; fileEncoding = 4; lastKnownFileType = sourcecode.c.objc; path = AFURLResponseSerialization.m; sourceTree = "<group>"; };
		3EAF848119471A86003D1987 /* AFURLSessionManager.h */ = {isa = PBXFileReference; fileEncoding = 4; lastKnownFileType = sourcecode.c.h; path = AFURLSessionManager.h; sourceTree = "<group>"; };
		3EAF848219471A86003D1987 /* AFURLSessionManager.m */ = {isa = PBXFileReference; fileEncoding = 4; lastKnownFileType = sourcecode.c.objc; path = AFURLSessionManager.m; sourceTree = "<group>"; };
		3EAF848F19471AAF003D1987 /* MagicalImportFunctions.h */ = {isa = PBXFileReference; fileEncoding = 4; lastKnownFileType = sourcecode.c.h; path = MagicalImportFunctions.h; sourceTree = "<group>"; };
		3EAF849019471AAF003D1987 /* MagicalImportFunctions.m */ = {isa = PBXFileReference; fileEncoding = 4; lastKnownFileType = sourcecode.c.objc; path = MagicalImportFunctions.m; sourceTree = "<group>"; };
		3EAF849119471AAF003D1987 /* NSAttributeDescription+MagicalDataImport.h */ = {isa = PBXFileReference; fileEncoding = 4; lastKnownFileType = sourcecode.c.h; path = "NSAttributeDescription+MagicalDataImport.h"; sourceTree = "<group>"; };
		3EAF849219471AAF003D1987 /* NSAttributeDescription+MagicalDataImport.m */ = {isa = PBXFileReference; fileEncoding = 4; lastKnownFileType = sourcecode.c.objc; path = "NSAttributeDescription+MagicalDataImport.m"; sourceTree = "<group>"; };
		3EAF849319471AAF003D1987 /* NSEntityDescription+MagicalDataImport.h */ = {isa = PBXFileReference; fileEncoding = 4; lastKnownFileType = sourcecode.c.h; path = "NSEntityDescription+MagicalDataImport.h"; sourceTree = "<group>"; };
		3EAF849419471AAF003D1987 /* NSEntityDescription+MagicalDataImport.m */ = {isa = PBXFileReference; fileEncoding = 4; lastKnownFileType = sourcecode.c.objc; path = "NSEntityDescription+MagicalDataImport.m"; sourceTree = "<group>"; };
		3EAF849519471AAF003D1987 /* NSNumber+MagicalDataImport.h */ = {isa = PBXFileReference; fileEncoding = 4; lastKnownFileType = sourcecode.c.h; path = "NSNumber+MagicalDataImport.h"; sourceTree = "<group>"; };
		3EAF849619471AAF003D1987 /* NSNumber+MagicalDataImport.m */ = {isa = PBXFileReference; fileEncoding = 4; lastKnownFileType = sourcecode.c.objc; path = "NSNumber+MagicalDataImport.m"; sourceTree = "<group>"; };
		3EAF849719471AAF003D1987 /* NSObject+MagicalDataImport.h */ = {isa = PBXFileReference; fileEncoding = 4; lastKnownFileType = sourcecode.c.h; path = "NSObject+MagicalDataImport.h"; sourceTree = "<group>"; };
		3EAF849819471AAF003D1987 /* NSObject+MagicalDataImport.m */ = {isa = PBXFileReference; fileEncoding = 4; lastKnownFileType = sourcecode.c.objc; path = "NSObject+MagicalDataImport.m"; sourceTree = "<group>"; };
		3EAF849919471AAF003D1987 /* NSRelationshipDescription+MagicalDataImport.h */ = {isa = PBXFileReference; fileEncoding = 4; lastKnownFileType = sourcecode.c.h; path = "NSRelationshipDescription+MagicalDataImport.h"; sourceTree = "<group>"; };
		3EAF849A19471AAF003D1987 /* NSRelationshipDescription+MagicalDataImport.m */ = {isa = PBXFileReference; fileEncoding = 4; lastKnownFileType = sourcecode.c.objc; path = "NSRelationshipDescription+MagicalDataImport.m"; sourceTree = "<group>"; };
		3EAF849B19471AAF003D1987 /* NSString+MagicalDataImport.h */ = {isa = PBXFileReference; fileEncoding = 4; lastKnownFileType = sourcecode.c.h; path = "NSString+MagicalDataImport.h"; sourceTree = "<group>"; };
		3EAF849C19471AAF003D1987 /* NSString+MagicalDataImport.m */ = {isa = PBXFileReference; fileEncoding = 4; lastKnownFileType = sourcecode.c.objc; path = "NSString+MagicalDataImport.m"; sourceTree = "<group>"; };
		3EAF849E19471AAF003D1987 /* NSManagedObject+MagicalAggregation.h */ = {isa = PBXFileReference; fileEncoding = 4; lastKnownFileType = sourcecode.c.h; path = "NSManagedObject+MagicalAggregation.h"; sourceTree = "<group>"; };
		3EAF849F19471AAF003D1987 /* NSManagedObject+MagicalAggregation.m */ = {isa = PBXFileReference; fileEncoding = 4; lastKnownFileType = sourcecode.c.objc; path = "NSManagedObject+MagicalAggregation.m"; sourceTree = "<group>"; };
		3EAF84A019471AAF003D1987 /* NSManagedObject+MagicalDataImport.h */ = {isa = PBXFileReference; fileEncoding = 4; lastKnownFileType = sourcecode.c.h; path = "NSManagedObject+MagicalDataImport.h"; sourceTree = "<group>"; };
		3EAF84A119471AAF003D1987 /* NSManagedObject+MagicalDataImport.m */ = {isa = PBXFileReference; fileEncoding = 4; lastKnownFileType = sourcecode.c.objc; path = "NSManagedObject+MagicalDataImport.m"; sourceTree = "<group>"; };
		3EAF84A219471AAF003D1987 /* NSManagedObject+MagicalFinders.h */ = {isa = PBXFileReference; fileEncoding = 4; lastKnownFileType = sourcecode.c.h; path = "NSManagedObject+MagicalFinders.h"; sourceTree = "<group>"; };
		3EAF84A319471AAF003D1987 /* NSManagedObject+MagicalFinders.m */ = {isa = PBXFileReference; fileEncoding = 4; lastKnownFileType = sourcecode.c.objc; path = "NSManagedObject+MagicalFinders.m"; sourceTree = "<group>"; };
		3EAF84A419471AAF003D1987 /* NSManagedObject+MagicalRecord.h */ = {isa = PBXFileReference; fileEncoding = 4; lastKnownFileType = sourcecode.c.h; path = "NSManagedObject+MagicalRecord.h"; sourceTree = "<group>"; };
		3EAF84A519471AAF003D1987 /* NSManagedObject+MagicalRecord.m */ = {isa = PBXFileReference; fileEncoding = 4; lastKnownFileType = sourcecode.c.objc; path = "NSManagedObject+MagicalRecord.m"; sourceTree = "<group>"; };
		3EAF84A619471AAF003D1987 /* NSManagedObject+MagicalRequests.h */ = {isa = PBXFileReference; fileEncoding = 4; lastKnownFileType = sourcecode.c.h; path = "NSManagedObject+MagicalRequests.h"; sourceTree = "<group>"; };
		3EAF84A719471AAF003D1987 /* NSManagedObject+MagicalRequests.m */ = {isa = PBXFileReference; fileEncoding = 4; lastKnownFileType = sourcecode.c.objc; path = "NSManagedObject+MagicalRequests.m"; sourceTree = "<group>"; };
		3EAF84A919471AAF003D1987 /* NSManagedObjectContext+MagicalObserving.h */ = {isa = PBXFileReference; fileEncoding = 4; lastKnownFileType = sourcecode.c.h; path = "NSManagedObjectContext+MagicalObserving.h"; sourceTree = "<group>"; };
		3EAF84AA19471AAF003D1987 /* NSManagedObjectContext+MagicalObserving.m */ = {isa = PBXFileReference; fileEncoding = 4; lastKnownFileType = sourcecode.c.objc; path = "NSManagedObjectContext+MagicalObserving.m"; sourceTree = "<group>"; };
		3EAF84AB19471AAF003D1987 /* NSManagedObjectContext+MagicalRecord.h */ = {isa = PBXFileReference; fileEncoding = 4; lastKnownFileType = sourcecode.c.h; path = "NSManagedObjectContext+MagicalRecord.h"; sourceTree = "<group>"; };
		3EAF84AC19471AAF003D1987 /* NSManagedObjectContext+MagicalRecord.m */ = {isa = PBXFileReference; fileEncoding = 4; lastKnownFileType = sourcecode.c.objc; path = "NSManagedObjectContext+MagicalRecord.m"; sourceTree = "<group>"; };
		3EAF84AD19471AAF003D1987 /* NSManagedObjectContext+MagicalSaves.h */ = {isa = PBXFileReference; fileEncoding = 4; lastKnownFileType = sourcecode.c.h; path = "NSManagedObjectContext+MagicalSaves.h"; sourceTree = "<group>"; };
		3EAF84AE19471AAF003D1987 /* NSManagedObjectContext+MagicalSaves.m */ = {isa = PBXFileReference; fileEncoding = 4; lastKnownFileType = sourcecode.c.objc; path = "NSManagedObjectContext+MagicalSaves.m"; sourceTree = "<group>"; };
		3EAF84AF19471AAF003D1987 /* NSManagedObjectContext+MagicalThreading.h */ = {isa = PBXFileReference; fileEncoding = 4; lastKnownFileType = sourcecode.c.h; path = "NSManagedObjectContext+MagicalThreading.h"; sourceTree = "<group>"; };
		3EAF84B019471AAF003D1987 /* NSManagedObjectContext+MagicalThreading.m */ = {isa = PBXFileReference; fileEncoding = 4; lastKnownFileType = sourcecode.c.objc; path = "NSManagedObjectContext+MagicalThreading.m"; sourceTree = "<group>"; };
		3EAF84B119471AAF003D1987 /* NSManagedObjectModel+MagicalRecord.h */ = {isa = PBXFileReference; fileEncoding = 4; lastKnownFileType = sourcecode.c.h; path = "NSManagedObjectModel+MagicalRecord.h"; sourceTree = "<group>"; };
		3EAF84B219471AAF003D1987 /* NSManagedObjectModel+MagicalRecord.m */ = {isa = PBXFileReference; fileEncoding = 4; lastKnownFileType = sourcecode.c.objc; path = "NSManagedObjectModel+MagicalRecord.m"; sourceTree = "<group>"; };
		3EAF84B319471AAF003D1987 /* NSPersistentStore+MagicalRecord.h */ = {isa = PBXFileReference; fileEncoding = 4; lastKnownFileType = sourcecode.c.h; path = "NSPersistentStore+MagicalRecord.h"; sourceTree = "<group>"; };
		3EAF84B419471AAF003D1987 /* NSPersistentStore+MagicalRecord.m */ = {isa = PBXFileReference; fileEncoding = 4; lastKnownFileType = sourcecode.c.objc; path = "NSPersistentStore+MagicalRecord.m"; sourceTree = "<group>"; };
		3EAF84B519471AAF003D1987 /* NSPersistentStoreCoordinator+MagicalRecord.h */ = {isa = PBXFileReference; fileEncoding = 4; lastKnownFileType = sourcecode.c.h; path = "NSPersistentStoreCoordinator+MagicalRecord.h"; sourceTree = "<group>"; };
		3EAF84B619471AAF003D1987 /* NSPersistentStoreCoordinator+MagicalRecord.m */ = {isa = PBXFileReference; fileEncoding = 4; lastKnownFileType = sourcecode.c.objc; path = "NSPersistentStoreCoordinator+MagicalRecord.m"; sourceTree = "<group>"; };
		3EAF84B819471AAF003D1987 /* MagicalRecord+Actions.h */ = {isa = PBXFileReference; fileEncoding = 4; lastKnownFileType = sourcecode.c.h; path = "MagicalRecord+Actions.h"; sourceTree = "<group>"; };
		3EAF84B919471AAF003D1987 /* MagicalRecord+Actions.m */ = {isa = PBXFileReference; fileEncoding = 4; lastKnownFileType = sourcecode.c.objc; path = "MagicalRecord+Actions.m"; sourceTree = "<group>"; };
		3EAF84BA19471AAF003D1987 /* MagicalRecord+ErrorHandling.h */ = {isa = PBXFileReference; fileEncoding = 4; lastKnownFileType = sourcecode.c.h; path = "MagicalRecord+ErrorHandling.h"; sourceTree = "<group>"; };
		3EAF84BB19471AAF003D1987 /* MagicalRecord+ErrorHandling.m */ = {isa = PBXFileReference; fileEncoding = 4; lastKnownFileType = sourcecode.c.objc; path = "MagicalRecord+ErrorHandling.m"; sourceTree = "<group>"; };
		3EAF84BC19471AAF003D1987 /* MagicalRecord+iCloud.h */ = {isa = PBXFileReference; fileEncoding = 4; lastKnownFileType = sourcecode.c.h; path = "MagicalRecord+iCloud.h"; sourceTree = "<group>"; };
		3EAF84BD19471AAF003D1987 /* MagicalRecord+iCloud.m */ = {isa = PBXFileReference; fileEncoding = 4; lastKnownFileType = sourcecode.c.objc; path = "MagicalRecord+iCloud.m"; sourceTree = "<group>"; };
		3EAF84BE19471AAF003D1987 /* MagicalRecord+Options.h */ = {isa = PBXFileReference; fileEncoding = 4; lastKnownFileType = sourcecode.c.h; path = "MagicalRecord+Options.h"; sourceTree = "<group>"; };
		3EAF84BF19471AAF003D1987 /* MagicalRecord+Options.m */ = {isa = PBXFileReference; fileEncoding = 4; lastKnownFileType = sourcecode.c.objc; path = "MagicalRecord+Options.m"; sourceTree = "<group>"; };
		3EAF84C019471AAF003D1987 /* MagicalRecord+Setup.h */ = {isa = PBXFileReference; fileEncoding = 4; lastKnownFileType = sourcecode.c.h; path = "MagicalRecord+Setup.h"; sourceTree = "<group>"; };
		3EAF84C119471AAF003D1987 /* MagicalRecord+Setup.m */ = {isa = PBXFileReference; fileEncoding = 4; lastKnownFileType = sourcecode.c.objc; path = "MagicalRecord+Setup.m"; sourceTree = "<group>"; };
		3EAF84C219471AAF003D1987 /* MagicalRecord+ShorthandSupport.h */ = {isa = PBXFileReference; fileEncoding = 4; lastKnownFileType = sourcecode.c.h; path = "MagicalRecord+ShorthandSupport.h"; sourceTree = "<group>"; };
		3EAF84C319471AAF003D1987 /* MagicalRecord+ShorthandSupport.m */ = {isa = PBXFileReference; fileEncoding = 4; lastKnownFileType = sourcecode.c.objc; path = "MagicalRecord+ShorthandSupport.m"; sourceTree = "<group>"; };
		3EAF84C419471AAF003D1987 /* MagicalRecord.h */ = {isa = PBXFileReference; fileEncoding = 4; lastKnownFileType = sourcecode.c.h; path = MagicalRecord.h; sourceTree = "<group>"; };
		3EAF84C519471AAF003D1987 /* MagicalRecord.m */ = {isa = PBXFileReference; fileEncoding = 4; lastKnownFileType = sourcecode.c.objc; path = MagicalRecord.m; sourceTree = "<group>"; };
		3EAF84C619471AAF003D1987 /* MagicalRecordDeprecated.h */ = {isa = PBXFileReference; fileEncoding = 4; lastKnownFileType = sourcecode.c.h; path = MagicalRecordDeprecated.h; sourceTree = "<group>"; };
		3EAF84C719471AAF003D1987 /* MagicalRecordLogging.h */ = {isa = PBXFileReference; fileEncoding = 4; lastKnownFileType = sourcecode.c.h; path = MagicalRecordLogging.h; sourceTree = "<group>"; };
		3EAF84C819471AAF003D1987 /* MagicalRecordShorthand.h */ = {isa = PBXFileReference; fileEncoding = 4; lastKnownFileType = sourcecode.c.h; path = MagicalRecordShorthand.h; sourceTree = "<group>"; };
		3EAF84C919471AAF003D1987 /* CoreData+MagicalRecord.h */ = {isa = PBXFileReference; fileEncoding = 4; lastKnownFileType = sourcecode.c.h; path = "CoreData+MagicalRecord.h"; sourceTree = "<group>"; };
		3EAF84E419471AF1003D1987 /* CoreData.framework */ = {isa = PBXFileReference; lastKnownFileType = wrapper.framework; name = CoreData.framework; path = System/Library/Frameworks/CoreData.framework; sourceTree = SDKROOT; };
		3EAF851C19473D66003D1987 /* PSNetworkManager.h */ = {isa = PBXFileReference; fileEncoding = 4; lastKnownFileType = sourcecode.c.h; path = PSNetworkManager.h; sourceTree = "<group>"; };
		3EAF851D19473D66003D1987 /* PSNetworkManager.m */ = {isa = PBXFileReference; fileEncoding = 4; lastKnownFileType = sourcecode.c.objc; path = PSNetworkManager.m; sourceTree = "<group>"; };
		3EAF852E19476C95003D1987 /* PSUserModel.h */ = {isa = PBXFileReference; fileEncoding = 4; lastKnownFileType = sourcecode.c.h; path = PSUserModel.h; sourceTree = "<group>"; };
		3EAF852F19476C95003D1987 /* PSUserModel.m */ = {isa = PBXFileReference; fileEncoding = 4; lastKnownFileType = sourcecode.c.objc; path = PSUserModel.m; sourceTree = "<group>"; };
		82A7044C1952F7DB002EB459 /* PSLoginViewController.h */ = {isa = PBXFileReference; fileEncoding = 4; lastKnownFileType = sourcecode.c.h; path = PSLoginViewController.h; sourceTree = SOURCE_ROOT; };
		82A7044D1952F7DB002EB459 /* PSLoginViewController.m */ = {isa = PBXFileReference; fileEncoding = 4; lastKnownFileType = sourcecode.c.objc; path = PSLoginViewController.m; sourceTree = SOURCE_ROOT; };
		82A7044F1952F973002EB459 /* PSSplashViewController.h */ = {isa = PBXFileReference; fileEncoding = 4; lastKnownFileType = sourcecode.c.h; name = PSSplashViewController.h; path = PhotoShare/PSSplashViewController.h; sourceTree = SOURCE_ROOT; };
		82A704501952F973002EB459 /* PSSplashViewController.m */ = {isa = PBXFileReference; fileEncoding = 4; lastKnownFileType = sourcecode.c.objc; name = PSSplashViewController.m; path = PhotoShare/PSSplashViewController.m; sourceTree = SOURCE_ROOT; };
		938B5208F7BE63231B1768CF /* userIconBar.png */ = {isa = PBXFileReference; lastKnownFileType = image.png; path = userIconBar.png; sourceTree = "<group>"; };
		938B5480C36E21FFD25F39C2 /* dislike.png */ = {isa = PBXFileReference; lastKnownFileType = image.png; path = dislike.png; sourceTree = "<group>"; };
		938B56ECDFFF2F5939D1B1C1 /* pin.png */ = {isa = PBXFileReference; lastKnownFileType = image.png; path = pin.png; sourceTree = "<group>"; };
		938B570A2EC19C77E23C1B08 /* PhotosteamIcon.png */ = {isa = PBXFileReference; lastKnownFileType = image.png; path = PhotosteamIcon.png; sourceTree = "<group>"; };
		938B59B0BDE26B187E28716B /* heart-icon.png */ = {isa = PBXFileReference; lastKnownFileType = image.png; path = "heart-icon.png"; sourceTree = "<group>"; };
		938B5AE4142455FB808D91FE /* near.png */ = {isa = PBXFileReference; lastKnownFileType = image.png; path = near.png; sourceTree = "<group>"; };
		938B5B6FDFE9B3645F39E963 /* photoBarIcon.png */ = {isa = PBXFileReference; lastKnownFileType = image.png; path = photoBarIcon.png; sourceTree = "<group>"; };
		938B5DD302FDD2D4AFE07053 /* friendsIconBar.png */ = {isa = PBXFileReference; lastKnownFileType = image.png; path = friendsIconBar.png; sourceTree = "<group>"; };
/* End PBXFileReference section */

/* Begin PBXFrameworksBuildPhase section */
		3EAF843819471843003D1987 /* Frameworks */ = {
			isa = PBXFrameworksBuildPhase;
			buildActionMask = 2147483647;
			files = (
				3E585E3D19582DB400A96B2B /* Social.framework in Frameworks */,
				3E3513111954713C00433F26 /* MessageUI.framework in Frameworks */,
				3E2EA762195AB1E4008AC688 /* libBlocksKit.a in Frameworks */,
				3E35130919541B3200433F26 /* AssetsLibrary.framework in Frameworks */,
				3E4A702119508428003EFD21 /* CoreLocation.framework in Frameworks */,
				3E9267331950303800A55AC8 /* MapKit.framework in Frameworks */,
				3EAF84E519471AF1003D1987 /* CoreData.framework in Frameworks */,
				3EAF844119471843003D1987 /* CoreGraphics.framework in Frameworks */,
				3EAF844319471843003D1987 /* UIKit.framework in Frameworks */,
				3EAF843F19471843003D1987 /* Foundation.framework in Frameworks */,
			);
			runOnlyForDeploymentPostprocessing = 0;
		};
		3EAF845319471843003D1987 /* Frameworks */ = {
			isa = PBXFrameworksBuildPhase;
			buildActionMask = 2147483647;
			files = (
				3EAF845819471843003D1987 /* XCTest.framework in Frameworks */,
				3EAF845A19471843003D1987 /* UIKit.framework in Frameworks */,
				3EAF845919471843003D1987 /* Foundation.framework in Frameworks */,
			);
			runOnlyForDeploymentPostprocessing = 0;
		};
/* End PBXFrameworksBuildPhase section */

/* Begin PBXGroup section */
		3E11883A194AE2CC00D562A1 /* ProfileController */ = {
			isa = PBXGroup;
			children = (
				3E11883B194AE2FF00D562A1 /* PSProfileViewController.h */,
				3E11883C194AE2FF00D562A1 /* PSProfileViewController.m */,
				3E11883E194AE97900D562A1 /* SettingsController */,
			);
			path = ProfileController;
			sourceTree = "<group>";
		};
		3E11883E194AE97900D562A1 /* SettingsController */ = {
			isa = PBXGroup;
			children = (
				3E11883F194AE9B300D562A1 /* PSSettingsViewController.h */,
				3E118840194AE9B300D562A1 /* PSSettingsViewController.m */,
			);
			path = SettingsController;
			sourceTree = "<group>";
		};
		3E16A52B194EFA37006E8B88 /* CustomCell */ = {
			isa = PBXGroup;
			children = (
				3E16A52C194EFA9A006E8B88 /* PSPhotoFromStreamTableViewCell.h */,
				3E16A52D194EFA9A006E8B88 /* PSPhotoFromStreamTableViewCell.m */,
				3E16A52F194F385C006E8B88 /* PSCollectionCellForPhoto.h */,
				3E16A530194F385C006E8B88 /* PSCollectionCellForPhoto.m */,
				3E375F02195336B200FFDC87 /* PSCollectionHeaderView.h */,
				3E375F03195336B200FFDC87 /* PSCollectionHeaderView.m */,
			);
			name = CustomCell;
			path = PhotoShare/CustomCell;
			sourceTree = "<group>";
		};
		3E2EA75E195AB1E4008AC688 /* Vendor */ = {
			isa = PBXGroup;
			children = (
				3E2EA75F195AB1E4008AC688 /* libBlocksKit.a */,
				3E2EA760195AB1E4008AC688 /* UIControl+BlocksKit.h */,
				3E2EA761195AB1E4008AC688 /* UIControl+BlocksKit.m */,
			);
			name = Vendor;
			path = PhotoShare/Vendor;
			sourceTree = "<group>";
		};
		3E2EA76F195AE037008AC688 /* AutoLocalize */ = {
			isa = PBXGroup;
			children = (
				3E2EA770195AE037008AC688 /* AutoLocalize.h */,
				3E2EA771195AE037008AC688 /* AutoLocalize.m */,
			);
			path = AutoLocalize;
			sourceTree = "<group>";
		};
		3E328884194986A200B0DD90 /* MBProgressHud */ = {
			isa = PBXGroup;
			children = (
				3E328885194986BB00B0DD90 /* MBProgressHUD.h */,
				3E328886194986BB00B0DD90 /* MBProgressHUD.m */,
			);
			name = MBProgressHud;
			path = AFNetworking/MBProgressHud;
			sourceTree = "<group>";
		};
		3E3288881949A17900B0DD90 /* TabBarControllers */ = {
			isa = PBXGroup;
			children = (
				3E9266EE19502F8800A55AC8 /* NearController */,
				3E11883A194AE2CC00D562A1 /* ProfileController */,
				3E3F8C131949A55C009916BD /* PhotoController */,
				3E3288891949A17900B0DD90 /* StreamController */,
			);
			path = TabBarControllers;
			sourceTree = "<group>";
		};
		3E3288891949A17900B0DD90 /* StreamController */ = {
			isa = PBXGroup;
			children = (
				3E3F8C101949A1F5009916BD /* PSStreamViewController.h */,
				3E3F8C111949A1F5009916BD /* PSStreamViewController.m */,
			);
			path = StreamController;
			sourceTree = "<group>";
		};
		3E35130A19542B2000433F26 /* DetailController */ = {
			isa = PBXGroup;
			children = (
				3E35130B19542B6F00433F26 /* PSDetailedPhotoContollerViewController.h */,
				3E35130C19542B6F00433F26 /* PSDetailedPhotoContollerViewController.m */,
			);
			name = DetailController;
			path = PhotoShare/Controllers/TabBarControllers/NearController/DetailController;
			sourceTree = SOURCE_ROOT;
		};
		3E3F8C131949A55C009916BD /* PhotoController */ = {
			isa = PBXGroup;
			children = (
				3E3F8C141949A57C009916BD /* PSPhotoController.h */,
				3E3F8C151949A57C009916BD /* PSPhotoController.m */,
			);
			path = PhotoController;
			sourceTree = "<group>";
		};
		3E3F8C1A1949C4C1009916BD /* Categories */ = {
			isa = PBXGroup;
			children = (
				3E3513121954908D00433F26 /* ALAssetsLibrary+CustomPhotoAlbum.h */,
				3E3513131954908D00433F26 /* ALAssetsLibrary+CustomPhotoAlbum.m */,
				3E3F8C1B1949C4F1009916BD /* NSString+PSValidation.h */,
				3E3F8C1C1949C4F1009916BD /* NSString+PSValidation.m */,
				3E4A702219509BEE003EFD21 /* UIView+PSMKAnnotationView.h */,
				3E4A702319509BEE003EFD21 /* UIView+PSMKAnnotationView.m */,
				3E585E39195823CC00A96B2B /* MKMapView+MKMapView_PSZoomLevel.h */,
				3E585E3A195823CC00A96B2B /* MKMapView+MKMapView_PSZoomLevel.m */,
			);
			name = Categories;
			path = PhotoShare/Categories;
			sourceTree = "<group>";
		};
		3E3F8C221949E136009916BD /* UIKit+AFNetworking */ = {
			isa = PBXGroup;
			children = (
				3E3F8C231949E136009916BD /* AFNetworkActivityIndicatorManager.h */,
				3E3F8C241949E136009916BD /* AFNetworkActivityIndicatorManager.m */,
				3E3F8C251949E136009916BD /* UIActivityIndicatorView+AFNetworking.h */,
				3E3F8C261949E136009916BD /* UIActivityIndicatorView+AFNetworking.m */,
				3E3F8C271949E136009916BD /* UIAlertView+AFNetworking.h */,
				3E3F8C281949E136009916BD /* UIAlertView+AFNetworking.m */,
				3E3F8C291949E136009916BD /* UIButton+AFNetworking.h */,
				3E3F8C2A1949E136009916BD /* UIButton+AFNetworking.m */,
				3E3F8C2B1949E136009916BD /* UIImageView+AFNetworking.h */,
				3E3F8C2C1949E136009916BD /* UIImageView+AFNetworking.m */,
				3E3F8C2D1949E136009916BD /* UIKit+AFNetworking.h */,
				3E3F8C2E1949E136009916BD /* UIProgressView+AFNetworking.h */,
				3E3F8C2F1949E136009916BD /* UIProgressView+AFNetworking.m */,
				3E3F8C301949E136009916BD /* UIRefreshControl+AFNetworking.h */,
				3E3F8C311949E136009916BD /* UIRefreshControl+AFNetworking.m */,
				3E3F8C321949E136009916BD /* UIWebView+AFNetworking.h */,
				3E3F8C331949E136009916BD /* UIWebView+AFNetworking.m */,
			);
			name = "UIKit+AFNetworking";
			path = "MagicalRecord/UIKit+AFNetworking";
			sourceTree = "<group>";
		};
		3E3F8C3C1949EDC9009916BD /* CustomSegueClass */ = {
			isa = PBXGroup;
			children = (
				3E118842194AFF2D00D562A1 /* CustomUnwindSegue.h */,
				3E118843194AFF2D00D562A1 /* CustomUnwindSegue.m */,
				3E3F8C3D1949EE83009916BD /* CustomSegueForStart.h */,
				3E3F8C3E1949EE83009916BD /* CustomSegueForStart.m */,
				3E2EA764195AB74F008AC688 /* PSCustomSegueLayerControllers.h */,
				3E2EA765195AB74F008AC688 /* PSCustomSegueLayerControllers.m */,
			);
			name = CustomSegueClass;
			path = PhotoShare/CustomSegueClass;
			sourceTree = "<group>";
		};
		3E48C2411948680100AC842D /* SignUpController */ = {
			isa = PBXGroup;
			children = (
				3E48C24B1948906E00AC842D /* PSSignUpViewController.h */,
				3E48C24C1948906E00AC842D /* PSSignUpViewController.m */,
			);
			path = SignUpController;
			sourceTree = "<group>";
		};
		3E48C24E194898F100AC842D /* UserStore */ = {
			isa = PBXGroup;
			children = (
				3E48C24F1948996100AC842D /* PSUserStore.h */,
				3E48C2501948996100AC842D /* PSUserStore.m */,
			);
			name = UserStore;
			path = PhotoShare/UserStore;
			sourceTree = "<group>";
		};
		3E9266EE19502F8800A55AC8 /* NearController */ = {
			isa = PBXGroup;
			children = (
				3E9267371950322400A55AC8 /* PSNearLocationViewController.h */,
				3E9267381950322400A55AC8 /* PSNearLocationViewController.m */,
				3E92673A19503C0000A55AC8 /* PSMapAnnonation.h */,
				3E92673B19503C0000A55AC8 /* PSMapAnnonation.m */,
				3E1CC6421951B62F00032216 /* PSMKAnnotationView.h */,
				3E1CC6431951B62F00032216 /* PSMKAnnotationView.m */,
				3E35130A19542B2000433F26 /* DetailController */,
			);
			path = NearController;
			sourceTree = "<group>";
		};
		3EAF843219471843003D1987 = {
			isa = PBXGroup;
			children = (
				3E2EA76F195AE037008AC688 /* AutoLocalize */,
				3E2EA75E195AB1E4008AC688 /* Vendor */,
				3E4A701E19506EEF003EFD21 /* response1.json */,
				3EAF844419471843003D1987 /* PhotoShare */,
				3E16A52B194EFA37006E8B88 /* CustomCell */,
				3E3F8C3C1949EDC9009916BD /* CustomSegueClass */,
				3E3F8C1A1949C4C1009916BD /* Categories */,
				3E48C24E194898F100AC842D /* UserStore */,
				3EAF851B19473D26003D1987 /* PSNetworkManager */,
				3EAF85321947709E003D1987 /* Controllers */,
				3EAF84E719471D33003D1987 /* Model */,
				3EAF846E19471A54003D1987 /* Libs */,
				3EAF845D19471843003D1987 /* PhotoShareTests */,
				3EAF843D19471843003D1987 /* Frameworks */,
				3EAF843C19471843003D1987 /* Products */,
				938B55F1C808AB02D6B47B03 /* Resourses */,
			);
			sourceTree = "<group>";
		};
		3EAF843C19471843003D1987 /* Products */ = {
			isa = PBXGroup;
			children = (
				3EAF843B19471843003D1987 /* PhotoShare.app */,
				3EAF845619471843003D1987 /* PhotoShareTests.xctest */,
			);
			name = Products;
			sourceTree = "<group>";
		};
		3EAF843D19471843003D1987 /* Frameworks */ = {
			isa = PBXGroup;
			children = (
				3E585E3C19582DB400A96B2B /* Social.framework */,
				3E3513101954713C00433F26 /* MessageUI.framework */,
				3E35130819541B3200433F26 /* AssetsLibrary.framework */,
				3E4A702019508428003EFD21 /* CoreLocation.framework */,
				3E9267321950303800A55AC8 /* MapKit.framework */,
				3EAF84E419471AF1003D1987 /* CoreData.framework */,
				3EAF843E19471843003D1987 /* Foundation.framework */,
				3EAF844019471843003D1987 /* CoreGraphics.framework */,
				3EAF844219471843003D1987 /* UIKit.framework */,
				3EAF845719471843003D1987 /* XCTest.framework */,
			);
			name = Frameworks;
			sourceTree = "<group>";
		};
		3EAF844419471843003D1987 /* PhotoShare */ = {
			isa = PBXGroup;
			children = (
				3EAF844D19471843003D1987 /* PHAppDelegate.h */,
				3EAF844E19471843003D1987 /* PHAppDelegate.m */,
				3E2EA76A195AD745008AC688 /* Iphone.storyboard */,
				3EAF845019471843003D1987 /* Images.xcassets */,
				3EAF844519471843003D1987 /* Supporting Files */,
				3E2EA7C8195AF16F008AC688 /* Localizable.strings */,
			);
			path = PhotoShare;
			sourceTree = "<group>";
		};
		3EAF844519471843003D1987 /* Supporting Files */ = {
			isa = PBXGroup;
			children = (
				3EAF844619471843003D1987 /* PhotoShare-Info.plist */,
				3EAF844719471843003D1987 /* InfoPlist.strings */,
				3EAF844A19471843003D1987 /* main.m */,
				3EAF844C19471843003D1987 /* PhotoShare-Prefix.pch */,
			);
			name = "Supporting Files";
			sourceTree = "<group>";
		};
		3EAF845D19471843003D1987 /* PhotoShareTests */ = {
			isa = PBXGroup;
			children = (
				3EAF846319471843003D1987 /* PhotoShareTests.m */,
				3EAF845E19471843003D1987 /* Supporting Files */,
			);
			path = PhotoShareTests;
			sourceTree = "<group>";
		};
		3EAF845E19471843003D1987 /* Supporting Files */ = {
			isa = PBXGroup;
			children = (
				3EAF845F19471843003D1987 /* PhotoShareTests-Info.plist */,
				3EAF846019471843003D1987 /* InfoPlist.strings */,
			);
			name = "Supporting Files";
			sourceTree = "<group>";
		};
		3EAF846E19471A54003D1987 /* Libs */ = {
			isa = PBXGroup;
			children = (
				3EAF846F19471A86003D1987 /* AFNetworking */,
				3E3F8C221949E136009916BD /* UIKit+AFNetworking */,
				3E328884194986A200B0DD90 /* MBProgressHud */,
				3EAF848C19471AAF003D1987 /* MagicalRecord */,
			);
			name = Libs;
			path = PhotoShare/Libs;
			sourceTree = "<group>";
		};
		3EAF846F19471A86003D1987 /* AFNetworking */ = {
			isa = PBXGroup;
			children = (
				3EAF847019471A86003D1987 /* AFHTTPRequestOperation.h */,
				3EAF847119471A86003D1987 /* AFHTTPRequestOperation.m */,
				3EAF847219471A86003D1987 /* AFHTTPRequestOperationManager.h */,
				3EAF847319471A86003D1987 /* AFHTTPRequestOperationManager.m */,
				3EAF847419471A86003D1987 /* AFHTTPSessionManager.h */,
				3EAF847519471A86003D1987 /* AFHTTPSessionManager.m */,
				3EAF847619471A86003D1987 /* AFNetworking.h */,
				3EAF847719471A86003D1987 /* AFNetworkReachabilityManager.h */,
				3EAF847819471A86003D1987 /* AFNetworkReachabilityManager.m */,
				3EAF847919471A86003D1987 /* AFSecurityPolicy.h */,
				3EAF847A19471A86003D1987 /* AFSecurityPolicy.m */,
				3EAF847B19471A86003D1987 /* AFURLConnectionOperation.h */,
				3EAF847C19471A86003D1987 /* AFURLConnectionOperation.m */,
				3EAF847D19471A86003D1987 /* AFURLRequestSerialization.h */,
				3EAF847E19471A86003D1987 /* AFURLRequestSerialization.m */,
				3EAF847F19471A86003D1987 /* AFURLResponseSerialization.h */,
				3EAF848019471A86003D1987 /* AFURLResponseSerialization.m */,
				3EAF848119471A86003D1987 /* AFURLSessionManager.h */,
				3EAF848219471A86003D1987 /* AFURLSessionManager.m */,
			);
			path = AFNetworking;
			sourceTree = "<group>";
		};
		3EAF848C19471AAF003D1987 /* MagicalRecord */ = {
			isa = PBXGroup;
			children = (
				3EAF848D19471AAF003D1987 /* Categories */,
				3EAF84B719471AAF003D1987 /* Core */,
				3EAF84C919471AAF003D1987 /* CoreData+MagicalRecord.h */,
			);
			path = MagicalRecord;
			sourceTree = "<group>";
		};
		3EAF848D19471AAF003D1987 /* Categories */ = {
			isa = PBXGroup;
			children = (
				3EAF848E19471AAF003D1987 /* DataImport */,
				3EAF849D19471AAF003D1987 /* NSManagedObject */,
				3EAF84A819471AAF003D1987 /* NSManagedObjectContext */,
				3EAF84B119471AAF003D1987 /* NSManagedObjectModel+MagicalRecord.h */,
				3EAF84B219471AAF003D1987 /* NSManagedObjectModel+MagicalRecord.m */,
				3EAF84B319471AAF003D1987 /* NSPersistentStore+MagicalRecord.h */,
				3EAF84B419471AAF003D1987 /* NSPersistentStore+MagicalRecord.m */,
				3EAF84B519471AAF003D1987 /* NSPersistentStoreCoordinator+MagicalRecord.h */,
				3EAF84B619471AAF003D1987 /* NSPersistentStoreCoordinator+MagicalRecord.m */,
			);
			path = Categories;
			sourceTree = "<group>";
		};
		3EAF848E19471AAF003D1987 /* DataImport */ = {
			isa = PBXGroup;
			children = (
				3EAF848F19471AAF003D1987 /* MagicalImportFunctions.h */,
				3EAF849019471AAF003D1987 /* MagicalImportFunctions.m */,
				3EAF849119471AAF003D1987 /* NSAttributeDescription+MagicalDataImport.h */,
				3EAF849219471AAF003D1987 /* NSAttributeDescription+MagicalDataImport.m */,
				3EAF849319471AAF003D1987 /* NSEntityDescription+MagicalDataImport.h */,
				3EAF849419471AAF003D1987 /* NSEntityDescription+MagicalDataImport.m */,
				3EAF849519471AAF003D1987 /* NSNumber+MagicalDataImport.h */,
				3EAF849619471AAF003D1987 /* NSNumber+MagicalDataImport.m */,
				3EAF849719471AAF003D1987 /* NSObject+MagicalDataImport.h */,
				3EAF849819471AAF003D1987 /* NSObject+MagicalDataImport.m */,
				3EAF849919471AAF003D1987 /* NSRelationshipDescription+MagicalDataImport.h */,
				3EAF849A19471AAF003D1987 /* NSRelationshipDescription+MagicalDataImport.m */,
				3EAF849B19471AAF003D1987 /* NSString+MagicalDataImport.h */,
				3EAF849C19471AAF003D1987 /* NSString+MagicalDataImport.m */,
			);
			path = DataImport;
			sourceTree = "<group>";
		};
		3EAF849D19471AAF003D1987 /* NSManagedObject */ = {
			isa = PBXGroup;
			children = (
				3EAF849E19471AAF003D1987 /* NSManagedObject+MagicalAggregation.h */,
				3EAF849F19471AAF003D1987 /* NSManagedObject+MagicalAggregation.m */,
				3EAF84A019471AAF003D1987 /* NSManagedObject+MagicalDataImport.h */,
				3EAF84A119471AAF003D1987 /* NSManagedObject+MagicalDataImport.m */,
				3EAF84A219471AAF003D1987 /* NSManagedObject+MagicalFinders.h */,
				3EAF84A319471AAF003D1987 /* NSManagedObject+MagicalFinders.m */,
				3EAF84A419471AAF003D1987 /* NSManagedObject+MagicalRecord.h */,
				3EAF84A519471AAF003D1987 /* NSManagedObject+MagicalRecord.m */,
				3EAF84A619471AAF003D1987 /* NSManagedObject+MagicalRequests.h */,
				3EAF84A719471AAF003D1987 /* NSManagedObject+MagicalRequests.m */,
			);
			path = NSManagedObject;
			sourceTree = "<group>";
		};
		3EAF84A819471AAF003D1987 /* NSManagedObjectContext */ = {
			isa = PBXGroup;
			children = (
				3EAF84A919471AAF003D1987 /* NSManagedObjectContext+MagicalObserving.h */,
				3EAF84AA19471AAF003D1987 /* NSManagedObjectContext+MagicalObserving.m */,
				3EAF84AB19471AAF003D1987 /* NSManagedObjectContext+MagicalRecord.h */,
				3EAF84AC19471AAF003D1987 /* NSManagedObjectContext+MagicalRecord.m */,
				3EAF84AD19471AAF003D1987 /* NSManagedObjectContext+MagicalSaves.h */,
				3EAF84AE19471AAF003D1987 /* NSManagedObjectContext+MagicalSaves.m */,
				3EAF84AF19471AAF003D1987 /* NSManagedObjectContext+MagicalThreading.h */,
				3EAF84B019471AAF003D1987 /* NSManagedObjectContext+MagicalThreading.m */,
			);
			path = NSManagedObjectContext;
			sourceTree = "<group>";
		};
		3EAF84B719471AAF003D1987 /* Core */ = {
			isa = PBXGroup;
			children = (
				3EAF84B819471AAF003D1987 /* MagicalRecord+Actions.h */,
				3EAF84B919471AAF003D1987 /* MagicalRecord+Actions.m */,
				3EAF84BA19471AAF003D1987 /* MagicalRecord+ErrorHandling.h */,
				3EAF84BB19471AAF003D1987 /* MagicalRecord+ErrorHandling.m */,
				3EAF84BC19471AAF003D1987 /* MagicalRecord+iCloud.h */,
				3EAF84BD19471AAF003D1987 /* MagicalRecord+iCloud.m */,
				3EAF84BE19471AAF003D1987 /* MagicalRecord+Options.h */,
				3EAF84BF19471AAF003D1987 /* MagicalRecord+Options.m */,
				3EAF84C019471AAF003D1987 /* MagicalRecord+Setup.h */,
				3EAF84C119471AAF003D1987 /* MagicalRecord+Setup.m */,
				3EAF84C219471AAF003D1987 /* MagicalRecord+ShorthandSupport.h */,
				3EAF84C319471AAF003D1987 /* MagicalRecord+ShorthandSupport.m */,
				3EAF84C419471AAF003D1987 /* MagicalRecord.h */,
				3EAF84C519471AAF003D1987 /* MagicalRecord.m */,
				3EAF84C619471AAF003D1987 /* MagicalRecordDeprecated.h */,
				3EAF84C719471AAF003D1987 /* MagicalRecordLogging.h */,
				3EAF84C819471AAF003D1987 /* MagicalRecordShorthand.h */,
			);
			path = Core;
			sourceTree = "<group>";
		};
		3EAF84E719471D33003D1987 /* Model */ = {
			isa = PBXGroup;
			children = (
				3E11884E194B2E9D00D562A1 /* UserDataModel.xcdatamodeld */,
				3E4A701B19506942003EFD21 /* Comment.h */,
				3E4A701C19506942003EFD21 /* Comment.m */,
				3E4A701819506941003EFD21 /* Post.h */,
				3E4A701919506941003EFD21 /* Post.m */,
				3E3F8C1F1949CCE3009916BD /* User.h */,
				3E3F8C201949CCE3009916BD /* User.m */,
				3EAF852E19476C95003D1987 /* PSUserModel.h */,
				3EAF852F19476C95003D1987 /* PSUserModel.m */,
			);
			name = Model;
			path = PhotoShare/Model;
			sourceTree = "<group>";
		};
		3EAF851B19473D26003D1987 /* PSNetworkManager */ = {
			isa = PBXGroup;
			children = (
				3EAF851C19473D66003D1987 /* PSNetworkManager.h */,
				3EAF851D19473D66003D1987 /* PSNetworkManager.m */,
			);
			name = PSNetworkManager;
			path = PhotoShare/PSNetworkManager;
			sourceTree = "<group>";
		};
		3EAF85321947709E003D1987 /* Controllers */ = {
			isa = PBXGroup;
			children = (
				3E3288881949A17900B0DD90 /* TabBarControllers */,
				3E48C2411948680100AC842D /* SignUpController */,
				3EAF85331947709E003D1987 /* LoginController */,
				3EAF85351947709E003D1987 /* SplashController */,
			);
			name = Controllers;
			path = PhotoShare/PSNetworkManager/Controllers;
			sourceTree = "<group>";
		};
		3EAF85331947709E003D1987 /* LoginController */ = {
			isa = PBXGroup;
			children = (
				82A7044C1952F7DB002EB459 /* PSLoginViewController.h */,
				82A7044D1952F7DB002EB459 /* PSLoginViewController.m */,
			);
			path = LoginController;
			sourceTree = "<group>";
		};
		3EAF85351947709E003D1987 /* SplashController */ = {
			isa = PBXGroup;
			children = (
				82A7044F1952F973002EB459 /* PSSplashViewController.h */,
				82A704501952F973002EB459 /* PSSplashViewController.m */,
			);
			path = SplashController;
			sourceTree = "<group>";
		};
		938B50498E527D4FCB80445B /* Buttons */ = {
			isa = PBXGroup;
			children = (
				3E35130E1954413C00433F26 /* comment.png */,
				938B5480C36E21FFD25F39C2 /* dislike.png */,
				938B59B0BDE26B187E28716B /* heart-icon.png */,
			);
			path = Buttons;
			sourceTree = "<group>";
		};
		938B55F1C808AB02D6B47B03 /* Resourses */ = {
			isa = PBXGroup;
			children = (
				938B580AA1E26BB5805E9EB5 /* Images */,
			);
			path = Resourses;
			sourceTree = "<group>";
		};
		938B580AA1E26BB5805E9EB5 /* Images */ = {
			isa = PBXGroup;
			children = (
				938B5E28DAB0A292315A6351 /* Start */,
				938B5C556D83238FA8E5A02A /* IconsForBars */,
				938B5B10251F69AA31D12E38 /* Map */,
			);
			path = Images;
			sourceTree = "<group>";
		};
		938B5B10251F69AA31D12E38 /* Map */ = {
			isa = PBXGroup;
			children = (
				938B56ECDFFF2F5939D1B1C1 /* pin.png */,
			);
			path = Map;
			sourceTree = "<group>";
		};
		938B5C556D83238FA8E5A02A /* IconsForBars */ = {
			isa = PBXGroup;
			children = (
				938B5AE4142455FB808D91FE /* near.png */,
				938B5208F7BE63231B1768CF /* userIconBar.png */,
				938B5B6FDFE9B3645F39E963 /* photoBarIcon.png */,
				938B5DD302FDD2D4AFE07053 /* friendsIconBar.png */,
				938B570A2EC19C77E23C1B08 /* PhotosteamIcon.png */,
			);
			path = IconsForBars;
			sourceTree = "<group>";
		};
		938B5E28DAB0A292315A6351 /* Start */ = {
			isa = PBXGroup;
			children = (
				938B50498E527D4FCB80445B /* Buttons */,
			);
			path = Start;
			sourceTree = "<group>";
		};
/* End PBXGroup section */

/* Begin PBXNativeTarget section */
		3EAF843A19471843003D1987 /* PhotoShare */ = {
			isa = PBXNativeTarget;
			buildConfigurationList = 3EAF846719471843003D1987 /* Build configuration list for PBXNativeTarget "PhotoShare" */;
			buildPhases = (
				3EAF843719471843003D1987 /* Sources */,
				3EAF843819471843003D1987 /* Frameworks */,
				3EAF843919471843003D1987 /* Resources */,
			);
			buildRules = (
			);
			dependencies = (
			);
			name = PhotoShare;
			productName = PhotoShare;
			productReference = 3EAF843B19471843003D1987 /* PhotoShare.app */;
			productType = "com.apple.product-type.application";
		};
		3EAF845519471843003D1987 /* PhotoShareTests */ = {
			isa = PBXNativeTarget;
			buildConfigurationList = 3EAF846A19471843003D1987 /* Build configuration list for PBXNativeTarget "PhotoShareTests" */;
			buildPhases = (
				3EAF845219471843003D1987 /* Sources */,
				3EAF845319471843003D1987 /* Frameworks */,
				3EAF845419471843003D1987 /* Resources */,
			);
			buildRules = (
			);
			dependencies = (
				3EAF845C19471843003D1987 /* PBXTargetDependency */,
			);
			name = PhotoShareTests;
			productName = PhotoShareTests;
			productReference = 3EAF845619471843003D1987 /* PhotoShareTests.xctest */;
			productType = "com.apple.product-type.bundle.unit-test";
		};
/* End PBXNativeTarget section */

/* Begin PBXProject section */
		3EAF843319471843003D1987 /* Project object */ = {
			isa = PBXProject;
			attributes = {
				CLASSPREFIX = PH;
				LastUpgradeCheck = 0510;
				ORGANIZATIONNAME = Eugene;
				TargetAttributes = {
					3EAF845519471843003D1987 = {
						TestTargetID = 3EAF843A19471843003D1987;
					};
				};
			};
			buildConfigurationList = 3EAF843619471843003D1987 /* Build configuration list for PBXProject "PhotoShare" */;
			compatibilityVersion = "Xcode 3.2";
			developmentRegion = English;
			hasScannedForEncodings = 0;
			knownRegions = (
				en,
				Base,
				ru,
			);
			mainGroup = 3EAF843219471843003D1987;
			productRefGroup = 3EAF843C19471843003D1987 /* Products */;
			projectDirPath = "";
			projectRoot = "";
			targets = (
				3EAF843A19471843003D1987 /* PhotoShare */,
				3EAF845519471843003D1987 /* PhotoShareTests */,
			);
		};
/* End PBXProject section */

/* Begin PBXResourcesBuildPhase section */
		3EAF843919471843003D1987 /* Resources */ = {
			isa = PBXResourcesBuildPhase;
			buildActionMask = 2147483647;
			files = (
				3EAF844919471843003D1987 /* InfoPlist.strings in Resources */,
				3EAF845119471843003D1987 /* Images.xcassets in Resources */,
				3E2EA768195AD745008AC688 /* Iphone.storyboard in Resources */,
				3E2EA7C6195AF16F008AC688 /* Localizable.strings in Resources */,
				3E4A701F19506EEF003EFD21 /* response1.json in Resources */,
				938B5FC42806EDFB95CF0C7D /* dislike.png in Resources */,
				938B5507FB436C1B73F0F816 /* heart-icon.png in Resources */,
				938B5D808CF059F488CB4A14 /* near.png in Resources */,
				938B529F33E337409D00DD36 /* userIconBar.png in Resources */,
				938B56D0B92AFC70D5CCB443 /* photoBarIcon.png in Resources */,
				938B58336451301B359FD33B /* friendsIconBar.png in Resources */,
				938B50E906BEC7EF35DA3FC9 /* PhotosteamIcon.png in Resources */,
				3E35130F1954413C00433F26 /* comment.png in Resources */,
				938B5828EE33E400AEEE3776 /* pin.png in Resources */,
			);
			runOnlyForDeploymentPostprocessing = 0;
		};
		3EAF845419471843003D1987 /* Resources */ = {
			isa = PBXResourcesBuildPhase;
			buildActionMask = 2147483647;
			files = (
				3EAF846219471843003D1987 /* InfoPlist.strings in Resources */,
			);
			runOnlyForDeploymentPostprocessing = 0;
		};
/* End PBXResourcesBuildPhase section */

/* Begin PBXSourcesBuildPhase section */
		3EAF843719471843003D1987 /* Sources */ = {
			isa = PBXSourcesBuildPhase;
			buildActionMask = 2147483647;
			files = (
				3EAF848919471A86003D1987 /* AFURLRequestSerialization.m in Sources */,
				3EAF84DF19471AAF003D1987 /* MagicalRecord+iCloud.m in Sources */,
				3E11883D194AE2FF00D562A1 /* PSProfileViewController.m in Sources */,
				3EAF84E019471AAF003D1987 /* MagicalRecord+Options.m in Sources */,
				3EAF848819471A86003D1987 /* AFURLConnectionOperation.m in Sources */,
				82A7044E1952F7DB002EB459 /* PSLoginViewController.m in Sources */,
				3EAF84CD19471AAF003D1987 /* NSNumber+MagicalDataImport.m in Sources */,
				3E375F04195336B200FFDC87 /* PSCollectionHeaderView.m in Sources */,
				3EAF84CC19471AAF003D1987 /* NSEntityDescription+MagicalDataImport.m in Sources */,
				3EAF84DC19471AAF003D1987 /* NSPersistentStoreCoordinator+MagicalRecord.m in Sources */,
				3EAF848719471A86003D1987 /* AFSecurityPolicy.m in Sources */,
				3EAF84D419471AAF003D1987 /* NSManagedObject+MagicalRecord.m in Sources */,
				3E3F8C371949E136009916BD /* UIButton+AFNetworking.m in Sources */,
				3E3F8C121949A1F5009916BD /* PSStreamViewController.m in Sources */,
				3E2EA766195AB74F008AC688 /* PSCustomSegueLayerControllers.m in Sources */,
				3EAF84D019471AAF003D1987 /* NSString+MagicalDataImport.m in Sources */,
				3E3F8C351949E136009916BD /* UIActivityIndicatorView+AFNetworking.m in Sources */,
				3EAF848319471A86003D1987 /* AFHTTPRequestOperation.m in Sources */,
				3EAF84D919471AAF003D1987 /* NSManagedObjectContext+MagicalThreading.m in Sources */,
				3E16A531194F385C006E8B88 /* PSCollectionCellForPhoto.m in Sources */,
				3E3F8C1D1949C4F1009916BD /* NSString+PSValidation.m in Sources */,
				3E4A701A19506942003EFD21 /* Post.m in Sources */,
				3E35130D19542B6F00433F26 /* PSDetailedPhotoContollerViewController.m in Sources */,
				3EAF84DA19471AAF003D1987 /* NSManagedObjectModel+MagicalRecord.m in Sources */,
				3E4A701D19506942003EFD21 /* Comment.m in Sources */,
				3EAF84CF19471AAF003D1987 /* NSRelationshipDescription+MagicalDataImport.m in Sources */,
				3E118844194AFF2D00D562A1 /* CustomUnwindSegue.m in Sources */,
				3E118841194AE9B300D562A1 /* PSSettingsViewController.m in Sources */,
				3EAF853019476C95003D1987 /* PSUserModel.m in Sources */,
				3E2EA763195AB1E4008AC688 /* UIControl+BlocksKit.m in Sources */,
				3EAF84E319471AAF003D1987 /* MagicalRecord.m in Sources */,
				3E9267391950322400A55AC8 /* PSNearLocationViewController.m in Sources */,
				82A704511952F973002EB459 /* PSSplashViewController.m in Sources */,
				3EAF84E119471AAF003D1987 /* MagicalRecord+Setup.m in Sources */,
				3EAF848B19471A86003D1987 /* AFURLSessionManager.m in Sources */,
				3E48C2511948996100AC842D /* PSUserStore.m in Sources */,
				3E3F8C391949E136009916BD /* UIProgressView+AFNetworking.m in Sources */,
				3EAF84CA19471AAF003D1987 /* MagicalImportFunctions.m in Sources */,
				3E3F8C341949E136009916BD /* AFNetworkActivityIndicatorManager.m in Sources */,
				3EAF848A19471A86003D1987 /* AFURLResponseSerialization.m in Sources */,
				3EAF844F19471843003D1987 /* PHAppDelegate.m in Sources */,
				3E3F8C361949E136009916BD /* UIAlertView+AFNetworking.m in Sources */,
				3E328887194986BB00B0DD90 /* MBProgressHUD.m in Sources */,
				3EAF84D719471AAF003D1987 /* NSManagedObjectContext+MagicalRecord.m in Sources */,
				3E16A52E194EFA9A006E8B88 /* PSPhotoFromStreamTableViewCell.m in Sources */,
				3EAF84DD19471AAF003D1987 /* MagicalRecord+Actions.m in Sources */,
				3EAF84CB19471AAF003D1987 /* NSAttributeDescription+MagicalDataImport.m in Sources */,
				3E118850194B2E9D00D562A1 /* UserDataModel.xcdatamodeld in Sources */,
				3EAF84D619471AAF003D1987 /* NSManagedObjectContext+MagicalObserving.m in Sources */,
				3E3F8C161949A57C009916BD /* PSPhotoController.m in Sources */,
				3EAF851E19473D66003D1987 /* PSNetworkManager.m in Sources */,
				3EAF84D319471AAF003D1987 /* NSManagedObject+MagicalFinders.m in Sources */,
				3EAF84D519471AAF003D1987 /* NSManagedObject+MagicalRequests.m in Sources */,
				3E2EA772195AE037008AC688 /* AutoLocalize.m in Sources */,
				3EAF84D219471AAF003D1987 /* NSManagedObject+MagicalDataImport.m in Sources */,
				3E585E3B195823CC00A96B2B /* MKMapView+MKMapView_PSZoomLevel.m in Sources */,
				3E3F8C211949CCE3009916BD /* User.m in Sources */,
				3E48C24D1948906E00AC842D /* PSSignUpViewController.m in Sources */,
				3EAF84E219471AAF003D1987 /* MagicalRecord+ShorthandSupport.m in Sources */,
				3E3F8C381949E136009916BD /* UIImageView+AFNetworking.m in Sources */,
				3EAF848519471A86003D1987 /* AFHTTPSessionManager.m in Sources */,
				3EAF84DB19471AAF003D1987 /* NSPersistentStore+MagicalRecord.m in Sources */,
				3E3F8C3F1949EE83009916BD /* CustomSegueForStart.m in Sources */,
				3E1CC6441951B62F00032216 /* PSMKAnnotationView.m in Sources */,
				3EAF848419471A86003D1987 /* AFHTTPRequestOperationManager.m in Sources */,
				3EAF84D819471AAF003D1987 /* NSManagedObjectContext+MagicalSaves.m in Sources */,
				3E3F8C3A1949E136009916BD /* UIRefreshControl+AFNetworking.m in Sources */,
				3EAF84CE19471AAF003D1987 /* NSObject+MagicalDataImport.m in Sources */,
				3EAF848619471A86003D1987 /* AFNetworkReachabilityManager.m in Sources */,
				3E3F8C3B1949E136009916BD /* UIWebView+AFNetworking.m in Sources */,
				3E4A702419509BEE003EFD21 /* UIView+PSMKAnnotationView.m in Sources */,
				3EAF84D119471AAF003D1987 /* NSManagedObject+MagicalAggregation.m in Sources */,
				3E92673C19503C0000A55AC8 /* PSMapAnnonation.m in Sources */,
				3EAF844B19471843003D1987 /* main.m in Sources */,
				3EAF84DE19471AAF003D1987 /* MagicalRecord+ErrorHandling.m in Sources */,
				3E3513141954908D00433F26 /* ALAssetsLibrary+CustomPhotoAlbum.m in Sources */,
			);
			runOnlyForDeploymentPostprocessing = 0;
		};
		3EAF845219471843003D1987 /* Sources */ = {
			isa = PBXSourcesBuildPhase;
			buildActionMask = 2147483647;
			files = (
				3EAF846419471843003D1987 /* PhotoShareTests.m in Sources */,
			);
			runOnlyForDeploymentPostprocessing = 0;
		};
/* End PBXSourcesBuildPhase section */

/* Begin PBXTargetDependency section */
		3EAF845C19471843003D1987 /* PBXTargetDependency */ = {
			isa = PBXTargetDependency;
			target = 3EAF843A19471843003D1987 /* PhotoShare */;
			targetProxy = 3EAF845B19471843003D1987 /* PBXContainerItemProxy */;
		};
/* End PBXTargetDependency section */

/* Begin PBXVariantGroup section */
		3E2EA76A195AD745008AC688 /* Iphone.storyboard */ = {
			isa = PBXVariantGroup;
			children = (
				3E2EA76B195AD759008AC688 /* Base */,
				3E2EA774195AE39B008AC688 /* en */,
				3E2EA7C9195AF17F008AC688 /* ru */,
			);
			name = Iphone.storyboard;
			sourceTree = "<group>";
		};
		3E2EA7C8195AF16F008AC688 /* Localizable.strings */ = {
			isa = PBXVariantGroup;
			children = (
				3E2EA7C7195AF16F008AC688 /* en */,
				3E2EA7CA195AF189008AC688 /* ru */,
			);
			name = Localizable.strings;
			sourceTree = "<group>";
		};
		3EAF844719471843003D1987 /* InfoPlist.strings */ = {
			isa = PBXVariantGroup;
			children = (
				3EAF844819471843003D1987 /* en */,
				3E2EA76E195AD9DF008AC688 /* Base */,
			);
			name = InfoPlist.strings;
			sourceTree = "<group>";
		};
		3EAF846019471843003D1987 /* InfoPlist.strings */ = {
			isa = PBXVariantGroup;
			children = (
				3EAF846119471843003D1987 /* en */,
				3E2EA7CB195AF189008AC688 /* ru */,
			);
			name = InfoPlist.strings;
			sourceTree = "<group>";
		};
/* End PBXVariantGroup section */

/* Begin XCBuildConfiguration section */
		3EAF846519471843003D1987 /* Debug */ = {
			isa = XCBuildConfiguration;
			buildSettings = {
				ALWAYS_SEARCH_USER_PATHS = NO;
				CLANG_CXX_LANGUAGE_STANDARD = "gnu++0x";
				CLANG_CXX_LIBRARY = "libc++";
				CLANG_ENABLE_MODULES = YES;
				CLANG_ENABLE_OBJC_ARC = YES;
				CLANG_WARN_BOOL_CONVERSION = YES;
				CLANG_WARN_CONSTANT_CONVERSION = YES;
				CLANG_WARN_DIRECT_OBJC_ISA_USAGE = YES_ERROR;
				CLANG_WARN_EMPTY_BODY = YES;
				CLANG_WARN_ENUM_CONVERSION = YES;
				CLANG_WARN_INT_CONVERSION = YES;
				CLANG_WARN_OBJC_ROOT_CLASS = YES_ERROR;
				CLANG_WARN__DUPLICATE_METHOD_MATCH = YES;
				CODE_SIGN_IDENTITY = "iPhone Developer";
				"CODE_SIGN_IDENTITY[sdk=iphoneos*]" = "iPhone Developer";
				COPY_PHASE_STRIP = NO;
				GCC_C_LANGUAGE_STANDARD = gnu99;
				GCC_DYNAMIC_NO_PIC = NO;
				GCC_OPTIMIZATION_LEVEL = 0;
				GCC_PREPROCESSOR_DEFINITIONS = (
					"DEBUG=1",
					"$(inherited)",
				);
				GCC_SYMBOLS_PRIVATE_EXTERN = NO;
				GCC_WARN_64_TO_32_BIT_CONVERSION = YES;
				GCC_WARN_ABOUT_RETURN_TYPE = YES_ERROR;
				GCC_WARN_UNDECLARED_SELECTOR = YES;
				GCC_WARN_UNINITIALIZED_AUTOS = YES_AGGRESSIVE;
				GCC_WARN_UNUSED_FUNCTION = YES;
				GCC_WARN_UNUSED_VARIABLE = YES;
				IPHONEOS_DEPLOYMENT_TARGET = 6.1;
				ONLY_ACTIVE_ARCH = YES;
				PROVISIONING_PROFILE = "76240328-0738-4D4C-89BE-CCEB2C093A4E";
				SDKROOT = iphoneos;
			};
			name = Debug;
		};
		3EAF846619471843003D1987 /* Release */ = {
			isa = XCBuildConfiguration;
			buildSettings = {
				ALWAYS_SEARCH_USER_PATHS = NO;
				CLANG_CXX_LANGUAGE_STANDARD = "gnu++0x";
				CLANG_CXX_LIBRARY = "libc++";
				CLANG_ENABLE_MODULES = YES;
				CLANG_ENABLE_OBJC_ARC = YES;
				CLANG_WARN_BOOL_CONVERSION = YES;
				CLANG_WARN_CONSTANT_CONVERSION = YES;
				CLANG_WARN_DIRECT_OBJC_ISA_USAGE = YES_ERROR;
				CLANG_WARN_EMPTY_BODY = YES;
				CLANG_WARN_ENUM_CONVERSION = YES;
				CLANG_WARN_INT_CONVERSION = YES;
				CLANG_WARN_OBJC_ROOT_CLASS = YES_ERROR;
				CLANG_WARN__DUPLICATE_METHOD_MATCH = YES;
				"CODE_SIGN_IDENTITY[sdk=iphoneos*]" = "iPhone Developer";
				COPY_PHASE_STRIP = YES;
				ENABLE_NS_ASSERTIONS = NO;
				GCC_C_LANGUAGE_STANDARD = gnu99;
				GCC_WARN_64_TO_32_BIT_CONVERSION = YES;
				GCC_WARN_ABOUT_RETURN_TYPE = YES_ERROR;
				GCC_WARN_UNDECLARED_SELECTOR = YES;
				GCC_WARN_UNINITIALIZED_AUTOS = YES_AGGRESSIVE;
				GCC_WARN_UNUSED_FUNCTION = YES;
				GCC_WARN_UNUSED_VARIABLE = YES;
				IPHONEOS_DEPLOYMENT_TARGET = 6.1;
				PROVISIONING_PROFILE = "76240328-0738-4D4C-89BE-CCEB2C093A4E";
				SDKROOT = iphoneos;
				VALIDATE_PRODUCT = YES;
			};
			name = Release;
		};
		3EAF846819471843003D1987 /* Debug */ = {
			isa = XCBuildConfiguration;
			buildSettings = {
				ASSETCATALOG_COMPILER_APPICON_NAME = AppIcon;
				ASSETCATALOG_COMPILER_LAUNCHIMAGE_NAME = LaunchImage;
				CODE_SIGN_IDENTITY = "iPhone Developer";
				GCC_PRECOMPILE_PREFIX_HEADER = YES;
				GCC_PREFIX_HEADER = "PhotoShare/PhotoShare-Prefix.pch";
				HEADER_SEARCH_PATHS = (
					"$(inherited)",
					/Applications/Xcode.app/Contents/Developer/Toolchains/XcodeDefault.xctoolchain/usr/include,
					"/Volumes/Mac\\ Drive/Safari\\ Download/BlocksKit-master/BlocksKit",
				);
				INFOPLIST_FILE = "PhotoShare/PhotoShare-Info.plist";
				IPHONEOS_DEPLOYMENT_TARGET = 7.0;
				LIBRARY_SEARCH_PATHS = (
					"$(inherited)",
					"$(PROJECT_DIR)/PhotoShare/Vendor",
				);
				OTHER_LDFLAGS = "-ObjC";
				PRODUCT_NAME = "$(TARGET_NAME)";
				PROVISIONING_PROFILE = "76240328-0738-4D4C-89BE-CCEB2C093A4E";
				TARGETED_DEVICE_FAMILY = 1;
				WRAPPER_EXTENSION = app;
			};
			name = Debug;
		};
		3EAF846919471843003D1987 /* Release */ = {
			isa = XCBuildConfiguration;
			buildSettings = {
				ASSETCATALOG_COMPILER_APPICON_NAME = AppIcon;
				ASSETCATALOG_COMPILER_LAUNCHIMAGE_NAME = LaunchImage;
				GCC_PRECOMPILE_PREFIX_HEADER = YES;
				GCC_PREFIX_HEADER = "PhotoShare/PhotoShare-Prefix.pch";
				HEADER_SEARCH_PATHS = (
					"$(inherited)",
					/Applications/Xcode.app/Contents/Developer/Toolchains/XcodeDefault.xctoolchain/usr/include,
					"/Volumes/Mac\\ Drive/Safari\\ Download/BlocksKit-master/BlocksKit",
				);
				INFOPLIST_FILE = "PhotoShare/PhotoShare-Info.plist";
				IPHONEOS_DEPLOYMENT_TARGET = 7.0;
				LIBRARY_SEARCH_PATHS = (
					"$(inherited)",
					"$(PROJECT_DIR)/PhotoShare/Vendor",
				);
				OTHER_LDFLAGS = "-ObjC";
				PRODUCT_NAME = "$(TARGET_NAME)";
				PROVISIONING_PROFILE = "76240328-0738-4D4C-89BE-CCEB2C093A4E";
				TARGETED_DEVICE_FAMILY = 1;
				WRAPPER_EXTENSION = app;
			};
			name = Release;
		};
		3EAF846B19471843003D1987 /* Debug */ = {
			isa = XCBuildConfiguration;
			buildSettings = {
				BUNDLE_LOADER = "$(BUILT_PRODUCTS_DIR)/PhotoShare.app/PhotoShare";
				FRAMEWORK_SEARCH_PATHS = (
					"$(SDKROOT)/Developer/Library/Frameworks",
					"$(inherited)",
					"$(DEVELOPER_FRAMEWORKS_DIR)",
				);
				GCC_PRECOMPILE_PREFIX_HEADER = YES;
				GCC_PREFIX_HEADER = "PhotoShare/PhotoShare-Prefix.pch";
				GCC_PREPROCESSOR_DEFINITIONS = (
					"DEBUG=1",
					"$(inherited)",
				);
				INFOPLIST_FILE = "PhotoShareTests/PhotoShareTests-Info.plist";
				PRODUCT_NAME = "$(TARGET_NAME)";
				TEST_HOST = "$(BUNDLE_LOADER)";
				WRAPPER_EXTENSION = xctest;
			};
			name = Debug;
		};
		3EAF846C19471843003D1987 /* Release */ = {
			isa = XCBuildConfiguration;
			buildSettings = {
				BUNDLE_LOADER = "$(BUILT_PRODUCTS_DIR)/PhotoShare.app/PhotoShare";
				FRAMEWORK_SEARCH_PATHS = (
					"$(SDKROOT)/Developer/Library/Frameworks",
					"$(inherited)",
					"$(DEVELOPER_FRAMEWORKS_DIR)",
				);
				GCC_PRECOMPILE_PREFIX_HEADER = YES;
				GCC_PREFIX_HEADER = "PhotoShare/PhotoShare-Prefix.pch";
				INFOPLIST_FILE = "PhotoShareTests/PhotoShareTests-Info.plist";
				PRODUCT_NAME = "$(TARGET_NAME)";
				TEST_HOST = "$(BUNDLE_LOADER)";
				WRAPPER_EXTENSION = xctest;
			};
			name = Release;
		};
/* End XCBuildConfiguration section */

/* Begin XCConfigurationList section */
		3EAF843619471843003D1987 /* Build configuration list for PBXProject "PhotoShare" */ = {
			isa = XCConfigurationList;
			buildConfigurations = (
				3EAF846519471843003D1987 /* Debug */,
				3EAF846619471843003D1987 /* Release */,
			);
			defaultConfigurationIsVisible = 0;
			defaultConfigurationName = Release;
		};
		3EAF846719471843003D1987 /* Build configuration list for PBXNativeTarget "PhotoShare" */ = {
			isa = XCConfigurationList;
			buildConfigurations = (
				3EAF846819471843003D1987 /* Debug */,
				3EAF846919471843003D1987 /* Release */,
			);
			defaultConfigurationIsVisible = 0;
			defaultConfigurationName = Release;
		};
		3EAF846A19471843003D1987 /* Build configuration list for PBXNativeTarget "PhotoShareTests" */ = {
			isa = XCConfigurationList;
			buildConfigurations = (
				3EAF846B19471843003D1987 /* Debug */,
				3EAF846C19471843003D1987 /* Release */,
			);
			defaultConfigurationIsVisible = 0;
			defaultConfigurationName = Release;
		};
/* End XCConfigurationList section */

/* Begin XCVersionGroup section */
		3E11884E194B2E9D00D562A1 /* UserDataModel.xcdatamodeld */ = {
			isa = XCVersionGroup;
			children = (
				3E11884F194B2E9D00D562A1 /* UserDataModel.xcdatamodel */,
			);
			currentVersion = 3E11884F194B2E9D00D562A1 /* UserDataModel.xcdatamodel */;
			path = UserDataModel.xcdatamodeld;
			sourceTree = "<group>";
			versionGroupType = wrapper.xcdatamodel;
		};
/* End XCVersionGroup section */
	};
	rootObject = 3EAF843319471843003D1987 /* Project object */;
}
